// !$*UTF8*$!
{
	archiveVersion = 1;
	classes = {
	};
	objectVersion = 56;
	objects = {

		/* Begin PBXBuildFile section */
			60DC3211A2034B88A283247D /* AuthManager.swift in Sources */ = {isa = PBXBuildFile; fileRef = 712D1D1E6F354216A9D3278B /* AuthManager.swift */; };
			EF13CEEBBD3E401FAEDD9982 /* LoginView.swift in Sources */ = {isa = PBXBuildFile; fileRef = 2E4E480EFBFB470789B2550C /* LoginView.swift */; };
			893A76DB8BF6461DA2701007 /* OTPVerificationView.swift in Sources */ = {isa = PBXBuildFile; fileRef = 742AFAC3324C44FAB90EB50B /* OTPVerificationView.swift */; };
			4527630309C74E8ABE005A6A /* RoleSelectView.swift in Sources */ = {isa = PBXBuildFile; fileRef = 897EFB6EDA6243EEAC661AEA /* RoleSelectView.swift */; };
			89BC4189EA76461485A21A96 /* ContentView.swift in Sources */ = {isa = PBXBuildFile; fileRef = D98E8A72B5C4496FB22B30E0 /* ContentView.swift */; };
			7169840E0891471CBF69D214 /* EQButton.swift in Sources */ = {isa = PBXBuildFile; fileRef = CB7EDA0AC80F49B7A2DAB12B /* EQButton.swift */; };
			EBB79773DE594C41815036F1 /* EQCard.swift in Sources */ = {isa = PBXBuildFile; fileRef = A7F1D1EDC14C4D83AEB0BBBF /* EQCard.swift */; };
			C49ECEF8C4F74E55AB08DF1E /* EQTextField.swift in Sources */ = {isa = PBXBuildFile; fileRef = 604A095B4FE54D4A9D28D478 /* EQTextField.swift */; };
			B63E2AACF46943C8ACB2E202 /* EmptyStateView.swift in Sources */ = {isa = PBXBuildFile; fileRef = 7B997AF7DBCE433CA5E777D3 /* EmptyStateView.swift */; };
			6C3A369036BF4858BF4CE4E4 /* DemoMode.swift in Sources */ = {isa = PBXBuildFile; fileRef = A922B32C5E9F4E3C85B340D5 /* DemoMode.swift */; };
			D02A804B4A464EAF93A95F99 /* Extensions.swift in Sources */ = {isa = PBXBuildFile; fileRef = F3DE91A46E074392BA6B20CE /* Extensions.swift */; };
			4118402EF4904E1480953136 /* KeychainHelper.swift in Sources */ = {isa = PBXBuildFile; fileRef = CB4F377E5AF8486DA6754B0C /* KeychainHelper.swift */; };
			817BEB4723BE4FB4A23D614E /* Theme.swift in Sources */ = {isa = PBXBuildFile; fileRef = 88C4D7E4048C4369954CE7AE /* Theme.swift */; };
			F14EFF02BE774C6D9322A8F7 /* EquestrianApp.swift in Sources */ = {isa = PBXBuildFile; fileRef = BD7985A16D7D4081A0E95D56 /* EquestrianApp.swift */; };
			ED7CC40945CD4DCD8160733F /* AdminUsersView.swift in Sources */ = {isa = PBXBuildFile; fileRef = D47D9FA391724B3B8E54C733 /* AdminUsersView.swift */; };
			4F19A05BAF164B11B74D008F /* CalendarView.swift in Sources */ = {isa = PBXBuildFile; fileRef = 20B3395998CD45A99906AF24 /* CalendarView.swift */; };
			DF2C0A06E9C34DEF8CCA0582 /* CalendarViewModel.swift in Sources */ = {isa = PBXBuildFile; fileRef = 0E7FEF68FA364D8ABE0185B2 /* CalendarViewModel.swift */; };
			5D5E206FEFC94DF2A8A52A71 /* EventFormView.swift in Sources */ = {isa = PBXBuildFile; fileRef = 181A687CD58F4794873C438F /* EventFormView.swift */; };
			19A51D8FD7B84C3F86217831 /* DashboardView.swift in Sources */ = {isa = PBXBuildFile; fileRef = E505077CE9A8495695AD6796 /* DashboardView.swift */; };
			1379F447C3A749DFB92799DC /* DashboardViewModel.swift in Sources */ = {isa = PBXBuildFile; fileRef = A760F616F77D4A66B20B879D /* DashboardViewModel.swift */; };
			BA2EA85738D84ACBA843BBF8 /* CommunityView.swift in Sources */ = {isa = PBXBuildFile; fileRef = 39E877F629F04757B452711B /* CommunityView.swift */; };
			5D5B1650D17A47DCA945C4B0 /* FeedView.swift in Sources */ = {isa = PBXBuildFile; fileRef = 4CB3BE392FDC47219CCF463C /* FeedView.swift */; };
			8307880B391349DE84E81BF2 /* FeedViewModel.swift in Sources */ = {isa = PBXBuildFile; fileRef = 283390509B9A4F70BC678C49 /* FeedViewModel.swift */; };
			2D153D3A257C4BC19E2C0DF8 /* HorseFormView.swift in Sources */ = {isa = PBXBuildFile; fileRef = 49A7FC9D155440A18CE767ED /* HorseFormView.swift */; };
			2648E24FDD744BC196421356 /* HorseProfileView.swift in Sources */ = {isa = PBXBuildFile; fileRef = D1886464ADBA4CE5BC6694C7 /* HorseProfileView.swift */; };
			CD59FE4F076C494384246932 /* HorseRegistry.swift in Sources */ = {isa = PBXBuildFile; fileRef = B3E26E5A507748FD897E975E /* HorseRegistry.swift */; };
			2BC42C099EFD4C1C91C5EABB /* HorsesView.swift in Sources */ = {isa = PBXBuildFile; fileRef = B6564E0B3E4A49C4ACF2C818 /* HorsesView.swift */; };
			886C27983653491CB25440B1 /* HorsesViewModel.swift in Sources */ = {isa = PBXBuildFile; fileRef = 4F64205DEEEF4777A308E837 /* HorsesViewModel.swift */; };
			29A20056961A4600B6929F69 /* ListingDetailView.swift in Sources */ = {isa = PBXBuildFile; fileRef = 317807CBE768482F8E3D02D4 /* ListingDetailView.swift */; };
			163DD8723DE64262ACE53434 /* MarketplaceView.swift in Sources */ = {isa = PBXBuildFile; fileRef = D3DEF37CA47F433D8B4A8958 /* MarketplaceView.swift */; };
			B0C4F7174BB146528E0C49C1 /* MarketplaceViewModel.swift in Sources */ = {isa = PBXBuildFile; fileRef = A90ED97D325943929927D350 /* MarketplaceViewModel.swift */; };
			101F2D2D7D2D4210BA7F0797 /* ChatView.swift in Sources */ = {isa = PBXBuildFile; fileRef = 703476BD30EC49F99AD76E93 /* ChatView.swift */; };
			7254CAC5A4A84567BC3CC627 /* ConversationsView.swift in Sources */ = {isa = PBXBuildFile; fileRef = 87118E0A251C414DAC98DCE2 /* ConversationsView.swift */; };
			1007837B7DBA4A3A8C9F351A /* MessagesViewModel.swift in Sources */ = {isa = PBXBuildFile; fileRef = 399130A5C1B84DFA9CAA7BC0 /* MessagesViewModel.swift */; };
			25E3BB2126544FFCA8D87B9A /* ProfileView.swift in Sources */ = {isa = PBXBuildFile; fileRef = 11F5DBFE9EBD4E4185641FAF /* ProfileView.swift */; };
			FB6EA194BC924347A9E45397 /* TrainerHorsesView.swift in Sources */ = {isa = PBXBuildFile; fileRef = D0716D13167545CDB53F9726 /* TrainerHorsesView.swift */; };
			382CA77771AD45B7B19CA7EB /* TrainerHubView.swift in Sources */ = {isa = PBXBuildFile; fileRef = D8A5FEF816294BE183C261E6 /* TrainerHubView.swift */; };
			1C79155A987E4FBCBA7BBA2B /* MainTabView.swift in Sources */ = {isa = PBXBuildFile; fileRef = 5144FFCA186C45039C2FFC48 /* MainTabView.swift */; };
			5AC7B1BC98B14E9EB0D5BA73 /* CalendarEvent.swift in Sources */ = {isa = PBXBuildFile; fileRef = 2C7808824A2145D9948366E6 /* CalendarEvent.swift */; };
			8CDF3E6CDBFA4CE4AB434F2C /* Horse.swift in Sources */ = {isa = PBXBuildFile; fileRef = 4BD90B2C021C4842A725EC57 /* Horse.swift */; };
			A901475478AD47899701B031 /* HorseDocument.swift in Sources */ = {isa = PBXBuildFile; fileRef = A7F1B5AB78174840B6BACE61 /* HorseDocument.swift */; };
			36DDD947E6C243E48670FC87 /* MarketplaceListing.swift in Sources */ = {isa = PBXBuildFile; fileRef = 42BF74D5C4D042C7BBB6DD93 /* MarketplaceListing.swift */; };
			3670B943F2AB4680BAB984CF /* Messaging.swift in Sources */ = {isa = PBXBuildFile; fileRef = B270FA5CAA924335AE02BD9F /* Messaging.swift */; };
			4D3DF6912222425DB34B55E2 /* Post.swift in Sources */ = {isa = PBXBuildFile; fileRef = 1E3EDAC49159439CA5AFAE2E /* Post.swift */; };
			162432E7169E41F399955091 /* User.swift in Sources */ = {isa = PBXBuildFile; fileRef = B81743A23399451AAAAB1C0E /* User.swift */; };
			16F877F20B0D45CAB1743B68 /* SupabaseClient.swift in Sources */ = {isa = PBXBuildFile; fileRef = 2E21D9A4053F4B6B8D0E7870 /* SupabaseClient.swift */; };
			1E2233C5CB944EAF94BAD23E /* SimulatorTestHarness.swift in Sources */ = {isa = PBXBuildFile; fileRef = 8099382F31894921B598C064 /* SimulatorTestHarness.swift */; };
			1B6FCB36E7B14E3690CA4538 /* Assets.xcassets in Resources */ = {isa = PBXBuildFile; fileRef = 6B000E0646314F00B6F6649A /* Assets.xcassets */; };
			C106683F8A364CD6B449C7D3 /* ncha_horses.csv in Resources */ = {isa = PBXBuildFile; fileRef = A3FADDC7DB45492384B3A06F /* ncha_horses.csv */; };
		/* End PBXBuildFile section */

		/* Begin PBXFileReference section */
			712D1D1E6F354216A9D3278B /* AuthManager.swift */ = {isa = PBXFileReference; lastKnownFileType = sourcecode.swift; path = "AuthManager.swift"; sourceTree = "<group>"; };
			2E4E480EFBFB470789B2550C /* LoginView.swift */ = {isa = PBXFileReference; lastKnownFileType = sourcecode.swift; path = "LoginView.swift"; sourceTree = "<group>"; };
			742AFAC3324C44FAB90EB50B /* OTPVerificationView.swift */ = {isa = PBXFileReference; lastKnownFileType = sourcecode.swift; path = "OTPVerificationView.swift"; sourceTree = "<group>"; };
			897EFB6EDA6243EEAC661AEA /* RoleSelectView.swift */ = {isa = PBXFileReference; lastKnownFileType = sourcecode.swift; path = "RoleSelectView.swift"; sourceTree = "<group>"; };
			D98E8A72B5C4496FB22B30E0 /* ContentView.swift */ = {isa = PBXFileReference; lastKnownFileType = sourcecode.swift; path = "ContentView.swift"; sourceTree = "<group>"; };
			CB7EDA0AC80F49B7A2DAB12B /* EQButton.swift */ = {isa = PBXFileReference; lastKnownFileType = sourcecode.swift; path = "EQButton.swift"; sourceTree = "<group>"; };
			A7F1D1EDC14C4D83AEB0BBBF /* EQCard.swift */ = {isa = PBXFileReference; lastKnownFileType = sourcecode.swift; path = "EQCard.swift"; sourceTree = "<group>"; };
			604A095B4FE54D4A9D28D478 /* EQTextField.swift */ = {isa = PBXFileReference; lastKnownFileType = sourcecode.swift; path = "EQTextField.swift"; sourceTree = "<group>"; };
			7B997AF7DBCE433CA5E777D3 /* EmptyStateView.swift */ = {isa = PBXFileReference; lastKnownFileType = sourcecode.swift; path = "EmptyStateView.swift"; sourceTree = "<group>"; };
			A922B32C5E9F4E3C85B340D5 /* DemoMode.swift */ = {isa = PBXFileReference; lastKnownFileType = sourcecode.swift; path = "DemoMode.swift"; sourceTree = "<group>"; };
			F3DE91A46E074392BA6B20CE /* Extensions.swift */ = {isa = PBXFileReference; lastKnownFileType = sourcecode.swift; path = "Extensions.swift"; sourceTree = "<group>"; };
			CB4F377E5AF8486DA6754B0C /* KeychainHelper.swift */ = {isa = PBXFileReference; lastKnownFileType = sourcecode.swift; path = "KeychainHelper.swift"; sourceTree = "<group>"; };
			88C4D7E4048C4369954CE7AE /* Theme.swift */ = {isa = PBXFileReference; lastKnownFileType = sourcecode.swift; path = "Theme.swift"; sourceTree = "<group>"; };
			BD7985A16D7D4081A0E95D56 /* EquestrianApp.swift */ = {isa = PBXFileReference; lastKnownFileType = sourcecode.swift; path = "EquestrianApp.swift"; sourceTree = "<group>"; };
			D47D9FA391724B3B8E54C733 /* AdminUsersView.swift */ = {isa = PBXFileReference; lastKnownFileType = sourcecode.swift; path = "AdminUsersView.swift"; sourceTree = "<group>"; };
			20B3395998CD45A99906AF24 /* CalendarView.swift */ = {isa = PBXFileReference; lastKnownFileType = sourcecode.swift; path = "CalendarView.swift"; sourceTree = "<group>"; };
			0E7FEF68FA364D8ABE0185B2 /* CalendarViewModel.swift */ = {isa = PBXFileReference; lastKnownFileType = sourcecode.swift; path = "CalendarViewModel.swift"; sourceTree = "<group>"; };
			181A687CD58F4794873C438F /* EventFormView.swift */ = {isa = PBXFileReference; lastKnownFileType = sourcecode.swift; path = "EventFormView.swift"; sourceTree = "<group>"; };
			E505077CE9A8495695AD6796 /* DashboardView.swift */ = {isa = PBXFileReference; lastKnownFileType = sourcecode.swift; path = "DashboardView.swift"; sourceTree = "<group>"; };
			A760F616F77D4A66B20B879D /* DashboardViewModel.swift */ = {isa = PBXFileReference; lastKnownFileType = sourcecode.swift; path = "DashboardViewModel.swift"; sourceTree = "<group>"; };
			39E877F629F04757B452711B /* CommunityView.swift */ = {isa = PBXFileReference; lastKnownFileType = sourcecode.swift; path = "CommunityView.swift"; sourceTree = "<group>"; };
			4CB3BE392FDC47219CCF463C /* FeedView.swift */ = {isa = PBXFileReference; lastKnownFileType = sourcecode.swift; path = "FeedView.swift"; sourceTree = "<group>"; };
			283390509B9A4F70BC678C49 /* FeedViewModel.swift */ = {isa = PBXFileReference; lastKnownFileType = sourcecode.swift; path = "FeedViewModel.swift"; sourceTree = "<group>"; };
			49A7FC9D155440A18CE767ED /* HorseFormView.swift */ = {isa = PBXFileReference; lastKnownFileType = sourcecode.swift; path = "HorseFormView.swift"; sourceTree = "<group>"; };
			D1886464ADBA4CE5BC6694C7 /* HorseProfileView.swift */ = {isa = PBXFileReference; lastKnownFileType = sourcecode.swift; path = "HorseProfileView.swift"; sourceTree = "<group>"; };
			B3E26E5A507748FD897E975E /* HorseRegistry.swift */ = {isa = PBXFileReference; lastKnownFileType = sourcecode.swift; path = "HorseRegistry.swift"; sourceTree = "<group>"; };
			B6564E0B3E4A49C4ACF2C818 /* HorsesView.swift */ = {isa = PBXFileReference; lastKnownFileType = sourcecode.swift; path = "HorsesView.swift"; sourceTree = "<group>"; };
			4F64205DEEEF4777A308E837 /* HorsesViewModel.swift */ = {isa = PBXFileReference; lastKnownFileType = sourcecode.swift; path = "HorsesViewModel.swift"; sourceTree = "<group>"; };
			317807CBE768482F8E3D02D4 /* ListingDetailView.swift */ = {isa = PBXFileReference; lastKnownFileType = sourcecode.swift; path = "ListingDetailView.swift"; sourceTree = "<group>"; };
			D3DEF37CA47F433D8B4A8958 /* MarketplaceView.swift */ = {isa = PBXFileReference; lastKnownFileType = sourcecode.swift; path = "MarketplaceView.swift"; sourceTree = "<group>"; };
			A90ED97D325943929927D350 /* MarketplaceViewModel.swift */ = {isa = PBXFileReference; lastKnownFileType = sourcecode.swift; path = "MarketplaceViewModel.swift"; sourceTree = "<group>"; };
			703476BD30EC49F99AD76E93 /* ChatView.swift */ = {isa = PBXFileReference; lastKnownFileType = sourcecode.swift; path = "ChatView.swift"; sourceTree = "<group>"; };
			87118E0A251C414DAC98DCE2 /* ConversationsView.swift */ = {isa = PBXFileReference; lastKnownFileType = sourcecode.swift; path = "ConversationsView.swift"; sourceTree = "<group>"; };
			399130A5C1B84DFA9CAA7BC0 /* MessagesViewModel.swift */ = {isa = PBXFileReference; lastKnownFileType = sourcecode.swift; path = "MessagesViewModel.swift"; sourceTree = "<group>"; };
			11F5DBFE9EBD4E4185641FAF /* ProfileView.swift */ = {isa = PBXFileReference; lastKnownFileType = sourcecode.swift; path = "ProfileView.swift"; sourceTree = "<group>"; };
			D0716D13167545CDB53F9726 /* TrainerHorsesView.swift */ = {isa = PBXFileReference; lastKnownFileType = sourcecode.swift; path = "TrainerHorsesView.swift"; sourceTree = "<group>"; };
			D8A5FEF816294BE183C261E6 /* TrainerHubView.swift */ = {isa = PBXFileReference; lastKnownFileType = sourcecode.swift; path = "TrainerHubView.swift"; sourceTree = "<group>"; };
			93B7988192064898AB735833 /* Info.plist */ = {isa = PBXFileReference; lastKnownFileType = text.plist.xml; path = "Info.plist"; sourceTree = "<group>"; };
			5144FFCA186C45039C2FFC48 /* MainTabView.swift */ = {isa = PBXFileReference; lastKnownFileType = sourcecode.swift; path = "MainTabView.swift"; sourceTree = "<group>"; };
			2C7808824A2145D9948366E6 /* CalendarEvent.swift */ = {isa = PBXFileReference; lastKnownFileType = sourcecode.swift; path = "CalendarEvent.swift"; sourceTree = "<group>"; };
			4BD90B2C021C4842A725EC57 /* Horse.swift */ = {isa = PBXFileReference; lastKnownFileType = sourcecode.swift; path = "Horse.swift"; sourceTree = "<group>"; };
			A7F1B5AB78174840B6BACE61 /* HorseDocument.swift */ = {isa = PBXFileReference; lastKnownFileType = sourcecode.swift; path = "HorseDocument.swift"; sourceTree = "<group>"; };
			42BF74D5C4D042C7BBB6DD93 /* MarketplaceListing.swift */ = {isa = PBXFileReference; lastKnownFileType = sourcecode.swift; path = "MarketplaceListing.swift"; sourceTree = "<group>"; };
			B270FA5CAA924335AE02BD9F /* Messaging.swift */ = {isa = PBXFileReference; lastKnownFileType = sourcecode.swift; path = "Messaging.swift"; sourceTree = "<group>"; };
			1E3EDAC49159439CA5AFAE2E /* Post.swift */ = {isa = PBXFileReference; lastKnownFileType = sourcecode.swift; path = "Post.swift"; sourceTree = "<group>"; };
			B81743A23399451AAAAB1C0E /* User.swift */ = {isa = PBXFileReference; lastKnownFileType = sourcecode.swift; path = "User.swift"; sourceTree = "<group>"; };
			2E21D9A4053F4B6B8D0E7870 /* SupabaseClient.swift */ = {isa = PBXFileReference; lastKnownFileType = sourcecode.swift; path = "SupabaseClient.swift"; sourceTree = "<group>"; };
			A3FADDC7DB45492384B3A06F /* ncha_horses.csv */ = {isa = PBXFileReference; lastKnownFileType = text.csv; path = "ncha_horses.csv"; sourceTree = "<group>"; };
			8099382F31894921B598C064 /* SimulatorTestHarness.swift */ = {isa = PBXFileReference; lastKnownFileType = sourcecode.swift; path = "SimulatorTestHarness.swift"; sourceTree = "<group>"; };
			6B000E0646314F00B6F6649A /* Assets.xcassets */ = {isa = PBXFileReference; lastKnownFileType = folder.assetcatalog; path = Assets.xcassets; sourceTree = "<group>"; };
			851B866E62F04BD7A726019F /* Supabase.xcconfig */ = {isa = PBXFileReference; lastKnownFileType = text.xcconfig; name = Supabase.xcconfig; path = "Config/Supabase.xcconfig"; sourceTree = SOURCE_ROOT; };
			27E7045656FD4C2493C0DBA6 /* EquestrianConnect.app */ = {isa = PBXFileReference; explicitFileType = wrapper.application; includeInIndex = 0; path = EquestrianConnect.app; sourceTree = BUILT_PRODUCTS_DIR; };
		/* End PBXFileReference section */

		/* Begin PBXFrameworksBuildPhase section */
			33465E5D918A4780B7738CFB /* Frameworks */ = {
				isa = PBXFrameworksBuildPhase;
				buildActionMask = 2147483647;
				files = (
				);
				runOnlyForDeploymentPostprocessing = 0;
			};
		/* End PBXFrameworksBuildPhase section */

		/* Begin PBXGroup section */
			3836EC0103C64FF298197915 = {
				isa = PBXGroup;
				children = (
					524431A3454D445C813C957A /* Auth */,
					BF6D695450934BE39165D9FA /* Core */,
					B4210964B6264DCD9BDAFE23 /* Features */,
					C7896E7139EC47C3A4902233 /* Models */,
					21E45553EE4F4D9FAC29E20E /* Networking */,
					503F7B0A1DDD49F69EBF0906 /* Resources */,
					D98E8A72B5C4496FB22B30E0 /* ContentView.swift */,
					BD7985A16D7D4081A0E95D56 /* EquestrianApp.swift */,
					93B7988192064898AB735833 /* Info.plist */,
					5144FFCA186C45039C2FFC48 /* MainTabView.swift */,
					8099382F31894921B598C064 /* SimulatorTestHarness.swift */,
					6B000E0646314F00B6F6649A /* Assets.xcassets */,
					851B866E62F04BD7A726019F /* Supabase.xcconfig */,
					6D4EBC39872E44A59EBB90E4 /* Products */,
				);
				name = EquestrianConnect;
				path = EquestrianConnect;
				sourceTree = "<group>";
			};
			6D4EBC39872E44A59EBB90E4 /* Products */ = {
				isa = PBXGroup;
				children = (
					27E7045656FD4C2493C0DBA6 /* EquestrianConnect.app */,
				);
				name = Products;
				sourceTree = "<group>";
			};
			524431A3454D445C813C957A /* Auth */ = {
				isa = PBXGroup;
				children = (
					712D1D1E6F354216A9D3278B /* AuthManager.swift */,
					2E4E480EFBFB470789B2550C /* LoginView.swift */,
					742AFAC3324C44FAB90EB50B /* OTPVerificationView.swift */,
					897EFB6EDA6243EEAC661AEA /* RoleSelectView.swift */,
				);
				name = "Auth";
				path = "Auth";
				sourceTree = "<group>";
			};
			BF6D695450934BE39165D9FA /* Core */ = {
				isa = PBXGroup;
				children = (
					E77C78013D0A462F92DC1FF5 /* Components */,
					A922B32C5E9F4E3C85B340D5 /* DemoMode.swift */,
					F3DE91A46E074392BA6B20CE /* Extensions.swift */,
					CB4F377E5AF8486DA6754B0C /* KeychainHelper.swift */,
					88C4D7E4048C4369954CE7AE /* Theme.swift */,
				);
				name = "Core";
				path = "Core";
				sourceTree = "<group>";
			};
			E77C78013D0A462F92DC1FF5 /* Components */ = {
				isa = PBXGroup;
				children = (
					CB7EDA0AC80F49B7A2DAB12B /* EQButton.swift */,
					A7F1D1EDC14C4D83AEB0BBBF /* EQCard.swift */,
					604A095B4FE54D4A9D28D478 /* EQTextField.swift */,
					7B997AF7DBCE433CA5E777D3 /* EmptyStateView.swift */,
				);
				name = "Components";
				path = "Components";
				sourceTree = "<group>";
			};
			B4210964B6264DCD9BDAFE23 /* Features */ = {
				isa = PBXGroup;
				children = (
					7D2DDB0CA0DF4EBABD099353 /* Admin */,
					641564C7F96B4E50B6FF9947 /* Calendar */,
					9178F30CB12E44D085EA8490 /* Dashboard */,
					2DB7B2CC15DF4B7F8D475333 /* Feed */,
					FE7BB686852146A983EBB8AE /* Horses */,
					FC801FD3A115497D9D432B0F /* Marketplace */,
					D07F03176F12446B82E0D51C /* Messages */,
					1E320D9617D949339DAA69B3 /* Profile */,
					9967462D5CD445719C4FD8AF /* Trainer */,
				);
				name = "Features";
				path = "Features";
				sourceTree = "<group>";
			};
			7D2DDB0CA0DF4EBABD099353 /* Admin */ = {
				isa = PBXGroup;
				children = (
					D47D9FA391724B3B8E54C733 /* AdminUsersView.swift */,
				);
				name = "Admin";
				path = "Admin";
				sourceTree = "<group>";
			};
			641564C7F96B4E50B6FF9947 /* Calendar */ = {
				isa = PBXGroup;
				children = (
					20B3395998CD45A99906AF24 /* CalendarView.swift */,
					0E7FEF68FA364D8ABE0185B2 /* CalendarViewModel.swift */,
					181A687CD58F4794873C438F /* EventFormView.swift */,
				);
				name = "Calendar";
				path = "Calendar";
				sourceTree = "<group>";
			};
			9178F30CB12E44D085EA8490 /* Dashboard */ = {
				isa = PBXGroup;
				children = (
					E505077CE9A8495695AD6796 /* DashboardView.swift */,
					A760F616F77D4A66B20B879D /* DashboardViewModel.swift */,
				);
				name = "Dashboard";
				path = "Dashboard";
				sourceTree = "<group>";
			};
			2DB7B2CC15DF4B7F8D475333 /* Feed */ = {
				isa = PBXGroup;
				children = (
					39E877F629F04757B452711B /* CommunityView.swift */,
					4CB3BE392FDC47219CCF463C /* FeedView.swift */,
					283390509B9A4F70BC678C49 /* FeedViewModel.swift */,
				);
				name = "Feed";
				path = "Feed";
				sourceTree = "<group>";
			};
			FE7BB686852146A983EBB8AE /* Horses */ = {
				isa = PBXGroup;
				children = (
					49A7FC9D155440A18CE767ED /* HorseFormView.swift */,
					D1886464ADBA4CE5BC6694C7 /* HorseProfileView.swift */,
					B3E26E5A507748FD897E975E /* HorseRegistry.swift */,
					B6564E0B3E4A49C4ACF2C818 /* HorsesView.swift */,
					4F64205DEEEF4777A308E837 /* HorsesViewModel.swift */,
				);
				name = "Horses";
				path = "Horses";
				sourceTree = "<group>";
			};
			FC801FD3A115497D9D432B0F /* Marketplace */ = {
				isa = PBXGroup;
				children = (
					317807CBE768482F8E3D02D4 /* ListingDetailView.swift */,
					D3DEF37CA47F433D8B4A8958 /* MarketplaceView.swift */,
					A90ED97D325943929927D350 /* MarketplaceViewModel.swift */,
				);
				name = "Marketplace";
				path = "Marketplace";
				sourceTree = "<group>";
			};
			D07F03176F12446B82E0D51C /* Messages */ = {
				isa = PBXGroup;
				children = (
					703476BD30EC49F99AD76E93 /* ChatView.swift */,
					87118E0A251C414DAC98DCE2 /* ConversationsView.swift */,
					399130A5C1B84DFA9CAA7BC0 /* MessagesViewModel.swift */,
				);
				name = "Messages";
				path = "Messages";
				sourceTree = "<group>";
			};
			1E320D9617D949339DAA69B3 /* Profile */ = {
				isa = PBXGroup;
				children = (
					11F5DBFE9EBD4E4185641FAF /* ProfileView.swift */,
				);
				name = "Profile";
				path = "Profile";
				sourceTree = "<group>";
			};
			9967462D5CD445719C4FD8AF /* Trainer */ = {
				isa = PBXGroup;
				children = (
					D0716D13167545CDB53F9726 /* TrainerHorsesView.swift */,
					D8A5FEF816294BE183C261E6 /* TrainerHubView.swift */,
				);
				name = "Trainer";
				path = "Trainer";
				sourceTree = "<group>";
			};
			C7896E7139EC47C3A4902233 /* Models */ = {
				isa = PBXGroup;
				children = (
					2C7808824A2145D9948366E6 /* CalendarEvent.swift */,
					4BD90B2C021C4842A725EC57 /* Horse.swift */,
					A7F1B5AB78174840B6BACE61 /* HorseDocument.swift */,
					42BF74D5C4D042C7BBB6DD93 /* MarketplaceListing.swift */,
					B270FA5CAA924335AE02BD9F /* Messaging.swift */,
					1E3EDAC49159439CA5AFAE2E /* Post.swift */,
					B81743A23399451AAAAB1C0E /* User.swift */,
				);
				name = "Models";
				path = "Models";
				sourceTree = "<group>";
			};
			21E45553EE4F4D9FAC29E20E /* Networking */ = {
				isa = PBXGroup;
				children = (
					2E21D9A4053F4B6B8D0E7870 /* SupabaseClient.swift */,
				);
				name = "Networking";
				path = "Networking";
				sourceTree = "<group>";
			};
			503F7B0A1DDD49F69EBF0906 /* Resources */ = {
				isa = PBXGroup;
				children = (
					A3FADDC7DB45492384B3A06F /* ncha_horses.csv */,
				);
				name = "Resources";
				path = "Resources";
				sourceTree = "<group>";
			};
		/* End PBXGroup section */

		/* Begin PBXNativeTarget section */
			7B283818CD374C2EB6379F78 /* EquestrianConnect */ = {
				isa = PBXNativeTarget;
				buildConfigurationList = 80B794E001E1461EB181F05D /* Build configuration list for PBXNativeTarget EquestrianConnect */;
				buildPhases = (
					2C75D9F9600C4681BAC5A62B /* Sources */,
					33465E5D918A4780B7738CFB /* Frameworks */,
					AABE55F0EDBA43F29D7C7F87 /* Resources */,
				);
				buildRules = (
				);
				dependencies = (
				);
				name = EquestrianConnect;
				productName = EquestrianConnect;
				productReference = 27E7045656FD4C2493C0DBA6 /* EquestrianConnect.app */;
				productType = "com.apple.product-type.application";
			};
		/* End PBXNativeTarget section */

		/* Begin PBXProject section */
			9D90C3632380433396981599 /* Project object */ = {
				isa = PBXProject;
				attributes = {
					BuildIndependentTargetsInParallel = 1;
					LastSwiftUpdateCheck = 1500;
					LastUpgradeCheck = 1500;
					TargetAttributes = {
						7B283818CD374C2EB6379F78 = {
							CreatedOnToolsVersion = 15.0;
						};
					};
				};
				buildConfigurationList = 1C89DA6827FC4E5DB6836AFF /* Build configuration list for PBXProject EquestrianConnect */;
				compatibilityVersion = "Xcode 14.0";
				developmentRegion = en;
				hasScannedForEncodings = 0;
				knownRegions = (
					en,
					Base,
				);
				mainGroup = 3836EC0103C64FF298197915;
				productRefGroup = 6D4EBC39872E44A59EBB90E4 /* Products */;
				projectDirPath = "";
				projectRoot = "";
				targets = (
					7B283818CD374C2EB6379F78 /* EquestrianConnect */,
				);
			};
		/* End PBXProject section */

		/* Begin PBXResourcesBuildPhase section */
			AABE55F0EDBA43F29D7C7F87 /* Resources */ = {
				isa = PBXResourcesBuildPhase;
				buildActionMask = 2147483647;
				files = (
					1B6FCB36E7B14E3690CA4538 /* Assets.xcassets in Resources */,
					C106683F8A364CD6B449C7D3 /* ncha_horses.csv in Resources */,
				);
				runOnlyForDeploymentPostprocessing = 0;
			};
		/* End PBXResourcesBuildPhase section */

		/* Begin PBXSourcesBuildPhase section */
			2C75D9F9600C4681BAC5A62B /* Sources */ = {
				isa = PBXSourcesBuildPhase;
				buildActionMask = 2147483647;
				files = (
					60DC3211A2034B88A283247D /* AuthManager.swift in Sources */,
					EF13CEEBBD3E401FAEDD9982 /* LoginView.swift in Sources */,
					893A76DB8BF6461DA2701007 /* OTPVerificationView.swift in Sources */,
					4527630309C74E8ABE005A6A /* RoleSelectView.swift in Sources */,
					89BC4189EA76461485A21A96 /* ContentView.swift in Sources */,
					7169840E0891471CBF69D214 /* EQButton.swift in Sources */,
					EBB79773DE594C41815036F1 /* EQCard.swift in Sources */,
					C49ECEF8C4F74E55AB08DF1E /* EQTextField.swift in Sources */,
					B63E2AACF46943C8ACB2E202 /* EmptyStateView.swift in Sources */,
					6C3A369036BF4858BF4CE4E4 /* DemoMode.swift in Sources */,
					D02A804B4A464EAF93A95F99 /* Extensions.swift in Sources */,
					4118402EF4904E1480953136 /* KeychainHelper.swift in Sources */,
					817BEB4723BE4FB4A23D614E /* Theme.swift in Sources */,
					F14EFF02BE774C6D9322A8F7 /* EquestrianApp.swift in Sources */,
					ED7CC40945CD4DCD8160733F /* AdminUsersView.swift in Sources */,
					4F19A05BAF164B11B74D008F /* CalendarView.swift in Sources */,
					DF2C0A06E9C34DEF8CCA0582 /* CalendarViewModel.swift in Sources */,
					5D5E206FEFC94DF2A8A52A71 /* EventFormView.swift in Sources */,
					19A51D8FD7B84C3F86217831 /* DashboardView.swift in Sources */,
					1379F447C3A749DFB92799DC /* DashboardViewModel.swift in Sources */,
					BA2EA85738D84ACBA843BBF8 /* CommunityView.swift in Sources */,
					5D5B1650D17A47DCA945C4B0 /* FeedView.swift in Sources */,
					8307880B391349DE84E81BF2 /* FeedViewModel.swift in Sources */,
					2D153D3A257C4BC19E2C0DF8 /* HorseFormView.swift in Sources */,
					2648E24FDD744BC196421356 /* HorseProfileView.swift in Sources */,
					CD59FE4F076C494384246932 /* HorseRegistry.swift in Sources */,
					2BC42C099EFD4C1C91C5EABB /* HorsesView.swift in Sources */,
					886C27983653491CB25440B1 /* HorsesViewModel.swift in Sources */,
					29A20056961A4600B6929F69 /* ListingDetailView.swift in Sources */,
					163DD8723DE64262ACE53434 /* MarketplaceView.swift in Sources */,
					B0C4F7174BB146528E0C49C1 /* MarketplaceViewModel.swift in Sources */,
					101F2D2D7D2D4210BA7F0797 /* ChatView.swift in Sources */,
					7254CAC5A4A84567BC3CC627 /* ConversationsView.swift in Sources */,
					1007837B7DBA4A3A8C9F351A /* MessagesViewModel.swift in Sources */,
					25E3BB2126544FFCA8D87B9A /* ProfileView.swift in Sources */,
					FB6EA194BC924347A9E45397 /* TrainerHorsesView.swift in Sources */,
					382CA77771AD45B7B19CA7EB /* TrainerHubView.swift in Sources */,
					1C79155A987E4FBCBA7BBA2B /* MainTabView.swift in Sources */,
					5AC7B1BC98B14E9EB0D5BA73 /* CalendarEvent.swift in Sources */,
					8CDF3E6CDBFA4CE4AB434F2C /* Horse.swift in Sources */,
					A901475478AD47899701B031 /* HorseDocument.swift in Sources */,
					36DDD947E6C243E48670FC87 /* MarketplaceListing.swift in Sources */,
					3670B943F2AB4680BAB984CF /* Messaging.swift in Sources */,
					4D3DF6912222425DB34B55E2 /* Post.swift in Sources */,
					162432E7169E41F399955091 /* User.swift in Sources */,
					16F877F20B0D45CAB1743B68 /* SupabaseClient.swift in Sources */,
					1E2233C5CB944EAF94BAD23E /* SimulatorTestHarness.swift in Sources */,
				);
				runOnlyForDeploymentPostprocessing = 0;
			};
		/* End PBXSourcesBuildPhase section */

		/* Begin XCBuildConfiguration section */
			56D32948A34D4A5CBCB0A3E6 /* Debug */ = {
				isa = XCBuildConfiguration;
				baseConfigurationReference = 851B866E62F04BD7A726019F /* Supabase.xcconfig */;
				buildSettings = {
					ALWAYS_SEARCH_USER_PATHS = NO;
					ASSETCATALOG_COMPILER_APPICON_NAME = AppIcon;
					ASSETCATALOG_COMPILER_GLOBAL_ACCENT_COLOR_NAME = AccentColor;
					CODE_SIGN_STYLE = Automatic;
					CURRENT_PROJECT_VERSION = 5;
					DEBUG_INFORMATION_FORMAT = dwarf;
					DEVELOPMENT_TEAM = GYRQ523BUJ;
					ENABLE_TESTABILITY = YES;
					GENERATE_INFOPLIST_FILE = NO;
					INFOPLIST_FILE = EquestrianConnect/Info.plist;
					IPHONEOS_DEPLOYMENT_TARGET = 17.0;
					MARKETING_VERSION = 1.0.0;
					MTL_ENABLE_DEBUG_INFO = INCLUDE_SOURCE;
					ONLY_ACTIVE_ARCH = YES;
					PRODUCT_BUNDLE_IDENTIFIER = com.equestrianconnect.ai;
					PRODUCT_NAME = "$(TARGET_NAME)";
					SDKROOT = iphoneos;
					SWIFT_ACTIVE_COMPILATION_CONDITIONS = DEBUG;
					SWIFT_EMIT_LOC_STRINGS = YES;
					SWIFT_OPTIMIZATION_LEVEL = "-Onone";
					SWIFT_VERSION = 5.0;
					TARGETED_DEVICE_FAMILY = "1";
				};
				name = Debug;
			};
			12C2E016F0154F11A707AF35 /* Release */ = {
				isa = XCBuildConfiguration;
				baseConfigurationReference = 851B866E62F04BD7A726019F /* Supabase.xcconfig */;
				buildSettings = {
					ALWAYS_SEARCH_USER_PATHS = NO;
					ASSETCATALOG_COMPILER_APPICON_NAME = AppIcon;
					ASSETCATALOG_COMPILER_GLOBAL_ACCENT_COLOR_NAME = AccentColor;
					CODE_SIGN_STYLE = Automatic;
					CURRENT_PROJECT_VERSION = 5;
					DEBUG_INFORMATION_FORMAT = "dwarf-with-dsym";
					DEVELOPMENT_TEAM = GYRQ523BUJ;
					ENABLE_NS_ASSERTIONS = NO;
					GENERATE_INFOPLIST_FILE = NO;
					INFOPLIST_FILE = EquestrianConnect/Info.plist;
					IPHONEOS_DEPLOYMENT_TARGET = 17.0;
					MARKETING_VERSION = 1.0.0;
					MTL_ENABLE_DEBUG_INFO = NO;
					PRODUCT_BUNDLE_IDENTIFIER = com.equestrianconnect.ai;
					PRODUCT_NAME = "$(TARGET_NAME)";
					SDKROOT = iphoneos;
					SWIFT_EMIT_LOC_STRINGS = YES;
					SWIFT_OPTIMIZATION_LEVEL = "-Owholemodule";
					SWIFT_VERSION = 5.0;
					TARGETED_DEVICE_FAMILY = "1";
					VALIDATE_PRODUCT = YES;
				};
				name = Release;
			};
			F848FEC16B6E4EB19E070502 /* Debug */ = {
				isa = XCBuildConfiguration;
				buildSettings = {
					ALWAYS_SEARCH_USER_PATHS = NO;
					CLANG_ANALYZER_NONNULL = YES;
					CLANG_CXX_LANGUAGE_STANDARD = "gnu++20";
					CLANG_ENABLE_MODULES = YES;
					CLANG_ENABLE_OBJC_ARC = YES;
					COPY_PHASE_STRIP = NO;
					DEBUG_INFORMATION_FORMAT = dwarf;
					ENABLE_STRICT_OBJC_MSGSEND = YES;
					ENABLE_TESTABILITY = YES;
					GCC_C_LANGUAGE_STANDARD = gnu17;
					IPHONEOS_DEPLOYMENT_TARGET = 17.0;
					MTL_ENABLE_DEBUG_INFO = INCLUDE_SOURCE;
					ONLY_ACTIVE_ARCH = YES;
					SDKROOT = iphoneos;
					SWIFT_ACTIVE_COMPILATION_CONDITIONS = DEBUG;
					SWIFT_OPTIMIZATION_LEVEL = "-Onone";
					SWIFT_VERSION = 5.0;
				};
				name = Debug;
			};
			4ADF69281CFF433892B4250D /* Release */ = {
				isa = XCBuildConfiguration;
				buildSettings = {
					ALWAYS_SEARCH_USER_PATHS = NO;
					CLANG_ANALYZER_NONNULL = YES;
					CLANG_CXX_LANGUAGE_STANDARD = "gnu++20";
					CLANG_ENABLE_MODULES = YES;
					CLANG_ENABLE_OBJC_ARC = YES;
					COPY_PHASE_STRIP = NO;
					DEBUG_INFORMATION_FORMAT = "dwarf-with-dsym";
					ENABLE_NS_ASSERTIONS = NO;
					ENABLE_STRICT_OBJC_MSGSEND = YES;
					GCC_C_LANGUAGE_STANDARD = gnu17;
					IPHONEOS_DEPLOYMENT_TARGET = 17.0;
					MTL_ENABLE_DEBUG_INFO = NO;
					SDKROOT = iphoneos;
					SWIFT_OPTIMIZATION_LEVEL = "-Owholemodule";
					SWIFT_VERSION = 5.0;
					VALIDATE_PRODUCT = YES;
				};
				name = Release;
			};
		/* End XCBuildConfiguration section */

		/* Begin XCConfigurationList section */
			80B794E001E1461EB181F05D /* Build configuration list for PBXNativeTarget EquestrianConnect */ = {
				isa = XCConfigurationList;
				buildConfigurations = (
					56D32948A34D4A5CBCB0A3E6 /* Debug */,
					12C2E016F0154F11A707AF35 /* Release */,
				);
				defaultConfigurationIsVisible = 0;
				defaultConfigurationName = Release;
			};
			1C89DA6827FC4E5DB6836AFF /* Build configuration list for PBXProject EquestrianConnect */ = {
				isa = XCConfigurationList;
				buildConfigurations = (
					F848FEC16B6E4EB19E070502 /* Debug */,
					4ADF69281CFF433892B4250D /* Release */,
				);
				defaultConfigurationIsVisible = 0;
				defaultConfigurationName = Release;
			};
		/* End XCConfigurationList section */
	};
	rootObject = 9D90C3632380433396981599 /* Project object */;
}