// !$*UTF8*$!
{
	archiveVersion = 1;
	classes = {
	};
	objectVersion = 56;
	objects = {

/* Begin PBXBuildFile section */
		00E0B94B12874E7E8D6BB659 /* Assets.xcassets in Resources */ = {isa = PBXBuildFile; fileRef = 1B980BBBFA334C86AC751F93 /* Assets.xcassets */; };
		033324A64A044BBFA9000F82 /* Horse.swift in Sources */ = {isa = PBXBuildFile; fileRef = EECE48BB90BC4723AD821575 /* Horse.swift */; };
		1A6A8B5D80364BD6BC310186 /* EQButton.swift in Sources */ = {isa = PBXBuildFile; fileRef = AB8E3610FAD145009FEC76CB /* EQButton.swift */; };
		1BDB93ABB89F4D33B9C51A20 /* CalendarEvent.swift in Sources */ = {isa = PBXBuildFile; fileRef = DEE673DA4A6644B6A22EC66A /* CalendarEvent.swift */; };
		2D962AB107B54695BEBF086F /* SimulatorTestHarness.swift in Sources */ = {isa = PBXBuildFile; fileRef = BDF0117E6600412AB748EF1E /* SimulatorTestHarness.swift */; };
		319DB025C4864383B1C96DF7 /* FeedView.swift in Sources */ = {isa = PBXBuildFile; fileRef = 41D911B3EE1D4BD79DCEB34D /* FeedView.swift */; };
		384E00DD5E874D918B0AAB7F /* DashboardViewModel.swift in Sources */ = {isa = PBXBuildFile; fileRef = A67BA64CBC31402CB8BDB336 /* DashboardViewModel.swift */; };
		3AD68BC7F7614233866630F5 /* DashboardView.swift in Sources */ = {isa = PBXBuildFile; fileRef = 3A00E31FE2BF4389873CE77B /* DashboardView.swift */; };
		3F5100D66EDB4723A7FA2138 /* MarketplaceViewModel.swift in Sources */ = {isa = PBXBuildFile; fileRef = AD81117F9D404246995407D3 /* MarketplaceViewModel.swift */; };
		44A63E8D75A74F9AA42A3D17 /* Theme.swift in Sources */ = {isa = PBXBuildFile; fileRef = 54DA8643FEFA489DA58433F2 /* Theme.swift */; };
		4AF59AFC90FF427B9D2FBC77 /* EmptyStateView.swift in Sources */ = {isa = PBXBuildFile; fileRef = BA81BC86911E430E9CC1C8FD /* EmptyStateView.swift */; };
		52FBEC05704B4D019FBCCFDC /* TrainerHubView.swift in Sources */ = {isa = PBXBuildFile; fileRef = 19816E38AAB846A8B8ACA52D /* TrainerHubView.swift */; };
		55D7F17DA58045C2A5A83DC4 /* CalendarViewModel.swift in Sources */ = {isa = PBXBuildFile; fileRef = 2C5CB9374F704BBABBBF8468 /* CalendarViewModel.swift */; };
		5AB22130063D4236A8582312 /* ListingDetailView.swift in Sources */ = {isa = PBXBuildFile; fileRef = ECA5568AD1DA49A29DE1BDB9 /* ListingDetailView.swift */; };
		5BC162009AB0484B936C49E4 /* Post.swift in Sources */ = {isa = PBXBuildFile; fileRef = A1EFFA5164E543AABE268BCE /* Post.swift */; };
		682D8B1D605F40F386E4F658 /* HorseFormView.swift in Sources */ = {isa = PBXBuildFile; fileRef = 4E72AEDBD7E44B4EB15639B9 /* HorseFormView.swift */; };
		6D1A14AA36464858817F35A4 /* FeedViewModel.swift in Sources */ = {isa = PBXBuildFile; fileRef = 10387654D6D84C66A2189A9F /* FeedViewModel.swift */; };
		6E8C8F2E5DFE4C428217E158 /* LoginView.swift in Sources */ = {isa = PBXBuildFile; fileRef = EECED794F9F74FFFB4BBC753 /* LoginView.swift */; };
		75C4030A6CAC4702A979A4C0 /* MarketplaceListing.swift in Sources */ = {isa = PBXBuildFile; fileRef = D8505F7DC0774A86B4F94D4B /* MarketplaceListing.swift */; };
		77F21F0A26DD4B4AA2D3528F /* Messaging.swift in Sources */ = {isa = PBXBuildFile; fileRef = A9048476BCC24CF5A2FCA39D /* Messaging.swift */; };
		7ED849B75ACA4D8FBA2D27F6 /* MessagesViewModel.swift in Sources */ = {isa = PBXBuildFile; fileRef = 49FA6BD13BE54F73A8F5E57C /* MessagesViewModel.swift */; };
		83089977427F46BDA27342BC /* EventFormView.swift in Sources */ = {isa = PBXBuildFile; fileRef = 337B6C93BC3E41898A0FDB77 /* EventFormView.swift */; };
		83D434C22F93428CAF4C42A3 /* ChatView.swift in Sources */ = {isa = PBXBuildFile; fileRef = CA15C08C9C0C487280BD92AF /* ChatView.swift */; };
		8DDC6BDEAEB54B61B215A88D /* MarketplaceView.swift in Sources */ = {isa = PBXBuildFile; fileRef = 1EEC7B0C9AC84C56B79D551E /* MarketplaceView.swift */; };
		8E1FDF6A14FD4A4D8A74A741 /* TrainerHorsesView.swift in Sources */ = {isa = PBXBuildFile; fileRef = 6F42D523C96C41D4ADFCAA21 /* TrainerHorsesView.swift */; };
		91421890C6304005BF4C7B25 /* CalendarView.swift in Sources */ = {isa = PBXBuildFile; fileRef = E993BA08DDC44F09BBE64C48 /* CalendarView.swift */; };
		9E1D0A1A969345F7A7502FAE /* EquestrianApp.swift in Sources */ = {isa = PBXBuildFile; fileRef = 6108492B9AEF4CBCA63F9511 /* EquestrianApp.swift */; };
		9FBDBE009EA84EDEB800227A /* RoleSelectView.swift in Sources */ = {isa = PBXBuildFile; fileRef = 650DB6115D1C46E1AF3746C0 /* RoleSelectView.swift */; };
		B3456E1652F4461DA3C23196 /* HorseProfileView.swift in Sources */ = {isa = PBXBuildFile; fileRef = 14EBDC56F57748D099849E46 /* HorseProfileView.swift */; };
		B57F937530AC4C78B63EB2DB /* User.swift in Sources */ = {isa = PBXBuildFile; fileRef = A34EB342B09A4619AEEE0A0D /* User.swift */; };
		B6BC34651AE949288065FF50 /* EQCard.swift in Sources */ = {isa = PBXBuildFile; fileRef = 26CD2227A3704026BDACD90D /* EQCard.swift */; };
		B9ED8EDE739F4C3281BE18DE /* HorsesViewModel.swift in Sources */ = {isa = PBXBuildFile; fileRef = 8E575572FB114513922404C3 /* HorsesViewModel.swift */; };
		BF9C80A00FEE4F95B3C5D09F /* ProfileView.swift in Sources */ = {isa = PBXBuildFile; fileRef = F6F9396E60EF44FDBF579CEC /* ProfileView.swift */; };
		C44405EEEB594D78A1FA0BD7 /* AuthManager.swift in Sources */ = {isa = PBXBuildFile; fileRef = 609A02790C294ED6A58C70A5 /* AuthManager.swift */; };
		C6BAE9B32E0C4253A5A6BDC4 /* KeychainHelper.swift in Sources */ = {isa = PBXBuildFile; fileRef = E15D791C4110497FA7D49F24 /* KeychainHelper.swift */; };
		CFD03E7A0C054597BC3750B9 /* Extensions.swift in Sources */ = {isa = PBXBuildFile; fileRef = B5B090065FD742D1995271A3 /* Extensions.swift */; };
		CFDB569D19C74827810D7DD6 /* ContentView.swift in Sources */ = {isa = PBXBuildFile; fileRef = 7444B9F6E7BC41A797A6309E /* ContentView.swift */; };
		D9625CBC188D4F999AE6A8D1 /* MainTabView.swift in Sources */ = {isa = PBXBuildFile; fileRef = 86766608C6FC461C81F60913 /* MainTabView.swift */; };
		DC361F5FE0424C48889409B8 /* DemoMode.swift in Sources */ = {isa = PBXBuildFile; fileRef = 712CABBDD69841CEB39F92B0 /* DemoMode.swift */; };
		E2BB05E2E6F743308A97FE63 /* HorsesView.swift in Sources */ = {isa = PBXBuildFile; fileRef = 668DBD5723F9449F9F9DF291 /* HorsesView.swift */; };
		E3400FA8D6B049E4B40F85AC /* ConversationsView.swift in Sources */ = {isa = PBXBuildFile; fileRef = 46E4D1EDD82846AB9E94705E /* ConversationsView.swift */; };
		EF4D0999ED374F1A8C0C16C6 /* Base44Client.swift in Sources */ = {isa = PBXBuildFile; fileRef = D56935F0A126478AA5DAF295 /* Base44Client.swift */; };
		FBD27F01CDC44A4B93AFCDE6 /* EQTextField.swift in Sources */ = {isa = PBXBuildFile; fileRef = 3881759D990349EBA3C07F3C /* EQTextField.swift */; };
/* End PBXBuildFile section */

/* Begin PBXFileReference section */
		10387654D6D84C66A2189A9F /* FeedViewModel.swift */ = {isa = PBXFileReference; lastKnownFileType = sourcecode.swift; path = FeedViewModel.swift; sourceTree = "<group>"; };
		14EBDC56F57748D099849E46 /* HorseProfileView.swift */ = {isa = PBXFileReference; lastKnownFileType = sourcecode.swift; path = HorseProfileView.swift; sourceTree = "<group>"; };
		19816E38AAB846A8B8ACA52D /* TrainerHubView.swift */ = {isa = PBXFileReference; lastKnownFileType = sourcecode.swift; path = TrainerHubView.swift; sourceTree = "<group>"; };
		1B980BBBFA334C86AC751F93 /* Assets.xcassets */ = {isa = PBXFileReference; lastKnownFileType = folder.assetcatalog; path = Assets.xcassets; sourceTree = "<group>"; };
		1EEC7B0C9AC84C56B79D551E /* MarketplaceView.swift */ = {isa = PBXFileReference; lastKnownFileType = sourcecode.swift; path = MarketplaceView.swift; sourceTree = "<group>"; };
		26CD2227A3704026BDACD90D /* EQCard.swift */ = {isa = PBXFileReference; lastKnownFileType = sourcecode.swift; path = EQCard.swift; sourceTree = "<group>"; };
		2C5CB9374F704BBABBBF8468 /* CalendarViewModel.swift */ = {isa = PBXFileReference; lastKnownFileType = sourcecode.swift; path = CalendarViewModel.swift; sourceTree = "<group>"; };
		337B6C93BC3E41898A0FDB77 /* EventFormView.swift */ = {isa = PBXFileReference; lastKnownFileType = sourcecode.swift; path = EventFormView.swift; sourceTree = "<group>"; };
		3881759D990349EBA3C07F3C /* EQTextField.swift */ = {isa = PBXFileReference; lastKnownFileType = sourcecode.swift; path = EQTextField.swift; sourceTree = "<group>"; };
		3A00E31FE2BF4389873CE77B /* DashboardView.swift */ = {isa = PBXFileReference; lastKnownFileType = sourcecode.swift; path = DashboardView.swift; sourceTree = "<group>"; };
		41D911B3EE1D4BD79DCEB34D /* FeedView.swift */ = {isa = PBXFileReference; lastKnownFileType = sourcecode.swift; path = FeedView.swift; sourceTree = "<group>"; };
		44E3175E1CE14B9DB5534189 /* Info.plist */ = {isa = PBXFileReference; lastKnownFileType = text.plist.xml; path = Info.plist; sourceTree = "<group>"; };
		46E4D1EDD82846AB9E94705E /* ConversationsView.swift */ = {isa = PBXFileReference; lastKnownFileType = sourcecode.swift; path = ConversationsView.swift; sourceTree = "<group>"; };
		49FA6BD13BE54F73A8F5E57C /* MessagesViewModel.swift */ = {isa = PBXFileReference; lastKnownFileType = sourcecode.swift; path = MessagesViewModel.swift; sourceTree = "<group>"; };
		4E72AEDBD7E44B4EB15639B9 /* HorseFormView.swift */ = {isa = PBXFileReference; lastKnownFileType = sourcecode.swift; path = HorseFormView.swift; sourceTree = "<group>"; };
		54DA8643FEFA489DA58433F2 /* Theme.swift */ = {isa = PBXFileReference; lastKnownFileType = sourcecode.swift; path = Theme.swift; sourceTree = "<group>"; };
		609A02790C294ED6A58C70A5 /* AuthManager.swift */ = {isa = PBXFileReference; lastKnownFileType = sourcecode.swift; path = AuthManager.swift; sourceTree = "<group>"; };
		6108492B9AEF4CBCA63F9511 /* EquestrianApp.swift */ = {isa = PBXFileReference; lastKnownFileType = sourcecode.swift; path = EquestrianApp.swift; sourceTree = "<group>"; };
		650DB6115D1C46E1AF3746C0 /* RoleSelectView.swift */ = {isa = PBXFileReference; lastKnownFileType = sourcecode.swift; path = RoleSelectView.swift; sourceTree = "<group>"; };
		668DBD5723F9449F9F9DF291 /* HorsesView.swift */ = {isa = PBXFileReference; lastKnownFileType = sourcecode.swift; path = HorsesView.swift; sourceTree = "<group>"; };
		6F42D523C96C41D4ADFCAA21 /* TrainerHorsesView.swift */ = {isa = PBXFileReference; lastKnownFileType = sourcecode.swift; path = TrainerHorsesView.swift; sourceTree = "<group>"; };
		712CABBDD69841CEB39F92B0 /* DemoMode.swift */ = {isa = PBXFileReference; lastKnownFileType = sourcecode.swift; path = DemoMode.swift; sourceTree = "<group>"; };
		7444B9F6E7BC41A797A6309E /* ContentView.swift */ = {isa = PBXFileReference; lastKnownFileType = sourcecode.swift; path = ContentView.swift; sourceTree = "<group>"; };
		86766608C6FC461C81F60913 /* MainTabView.swift */ = {isa = PBXFileReference; lastKnownFileType = sourcecode.swift; path = MainTabView.swift; sourceTree = "<group>"; };
		8E575572FB114513922404C3 /* HorsesViewModel.swift */ = {isa = PBXFileReference; lastKnownFileType = sourcecode.swift; path = HorsesViewModel.swift; sourceTree = "<group>"; };
		9F1907C284A94F81B27BBE69 /* EquestrianConnect.app */ = {isa = PBXFileReference; explicitFileType = wrapper.application; includeInIndex = 0; path = EquestrianConnect.app; sourceTree = BUILT_PRODUCTS_DIR; };
		A1EFFA5164E543AABE268BCE /* Post.swift */ = {isa = PBXFileReference; lastKnownFileType = sourcecode.swift; path = Post.swift; sourceTree = "<group>"; };
		A34EB342B09A4619AEEE0A0D /* User.swift */ = {isa = PBXFileReference; lastKnownFileType = sourcecode.swift; path = User.swift; sourceTree = "<group>"; };
		A67BA64CBC31402CB8BDB336 /* DashboardViewModel.swift */ = {isa = PBXFileReference; lastKnownFileType = sourcecode.swift; path = DashboardViewModel.swift; sourceTree = "<group>"; };
		A9048476BCC24CF5A2FCA39D /* Messaging.swift */ = {isa = PBXFileReference; lastKnownFileType = sourcecode.swift; path = Messaging.swift; sourceTree = "<group>"; };
		AB8E3610FAD145009FEC76CB /* EQButton.swift */ = {isa = PBXFileReference; lastKnownFileType = sourcecode.swift; path = EQButton.swift; sourceTree = "<group>"; };
		AD81117F9D404246995407D3 /* MarketplaceViewModel.swift */ = {isa = PBXFileReference; lastKnownFileType = sourcecode.swift; path = MarketplaceViewModel.swift; sourceTree = "<group>"; };
		B5B090065FD742D1995271A3 /* Extensions.swift */ = {isa = PBXFileReference; lastKnownFileType = sourcecode.swift; path = Extensions.swift; sourceTree = "<group>"; };
		BA81BC86911E430E9CC1C8FD /* EmptyStateView.swift */ = {isa = PBXFileReference; lastKnownFileType = sourcecode.swift; path = EmptyStateView.swift; sourceTree = "<group>"; };
		BDF0117E6600412AB748EF1E /* SimulatorTestHarness.swift */ = {isa = PBXFileReference; lastKnownFileType = sourcecode.swift; path = SimulatorTestHarness.swift; sourceTree = "<group>"; };
		CA15C08C9C0C487280BD92AF /* ChatView.swift */ = {isa = PBXFileReference; lastKnownFileType = sourcecode.swift; path = ChatView.swift; sourceTree = "<group>"; };
		D56935F0A126478AA5DAF295 /* Base44Client.swift */ = {isa = PBXFileReference; lastKnownFileType = sourcecode.swift; path = Base44Client.swift; sourceTree = "<group>"; };
		D8505F7DC0774A86B4F94D4B /* MarketplaceListing.swift */ = {isa = PBXFileReference; lastKnownFileType = sourcecode.swift; path = MarketplaceListing.swift; sourceTree = "<group>"; };
		DEE673DA4A6644B6A22EC66A /* CalendarEvent.swift */ = {isa = PBXFileReference; lastKnownFileType = sourcecode.swift; path = CalendarEvent.swift; sourceTree = "<group>"; };
		E15D791C4110497FA7D49F24 /* KeychainHelper.swift */ = {isa = PBXFileReference; lastKnownFileType = sourcecode.swift; path = KeychainHelper.swift; sourceTree = "<group>"; };
		E993BA08DDC44F09BBE64C48 /* CalendarView.swift */ = {isa = PBXFileReference; lastKnownFileType = sourcecode.swift; path = CalendarView.swift; sourceTree = "<group>"; };
		ECA5568AD1DA49A29DE1BDB9 /* ListingDetailView.swift */ = {isa = PBXFileReference; lastKnownFileType = sourcecode.swift; path = ListingDetailView.swift; sourceTree = "<group>"; };
		EECE48BB90BC4723AD821575 /* Horse.swift */ = {isa = PBXFileReference; lastKnownFileType = sourcecode.swift; path = Horse.swift; sourceTree = "<group>"; };
		EECED794F9F74FFFB4BBC753 /* LoginView.swift */ = {isa = PBXFileReference; lastKnownFileType = sourcecode.swift; path = LoginView.swift; sourceTree = "<group>"; };
		F6F9396E60EF44FDBF579CEC /* ProfileView.swift */ = {isa = PBXFileReference; lastKnownFileType = sourcecode.swift; path = ProfileView.swift; sourceTree = "<group>"; };
/* End PBXFileReference section */

/* Begin PBXFrameworksBuildPhase section */
		226AF9B6EA2941939212D9E4 /* Frameworks */ = {
			isa = PBXFrameworksBuildPhase;
			buildActionMask = 2147483647;
			files = (
			);
			runOnlyForDeploymentPostprocessing = 0;
		};
/* End PBXFrameworksBuildPhase section */

/* Begin PBXGroup section */
		0238A54ABAA549C0BF0EB9A6 /* Trainer */ = {
			isa = PBXGroup;
			children = (
				6F42D523C96C41D4ADFCAA21 /* TrainerHorsesView.swift */,
				19816E38AAB846A8B8ACA52D /* TrainerHubView.swift */,
			);
			path = Trainer;
			sourceTree = "<group>";
		};
		1BE200055AF14F3B86392573 /* Messages */ = {
			isa = PBXGroup;
			children = (
				CA15C08C9C0C487280BD92AF /* ChatView.swift */,
				46E4D1EDD82846AB9E94705E /* ConversationsView.swift */,
				49FA6BD13BE54F73A8F5E57C /* MessagesViewModel.swift */,
			);
			path = Messages;
			sourceTree = "<group>";
		};
		21A5924396C3420881B53336 /* Dashboard */ = {
			isa = PBXGroup;
			children = (
				3A00E31FE2BF4389873CE77B /* DashboardView.swift */,
				A67BA64CBC31402CB8BDB336 /* DashboardViewModel.swift */,
			);
			path = Dashboard;
			sourceTree = "<group>";
		};
		330AE3F628CB417F9D9EEB94 /* Horses */ = {
			isa = PBXGroup;
			children = (
				4E72AEDBD7E44B4EB15639B9 /* HorseFormView.swift */,
				14EBDC56F57748D099849E46 /* HorseProfileView.swift */,
				668DBD5723F9449F9F9DF291 /* HorsesView.swift */,
				8E575572FB114513922404C3 /* HorsesViewModel.swift */,
			);
			path = Horses;
			sourceTree = "<group>";
		};
		4BDBFDEB8E3244879E1EF5DE /* Features */ = {
			isa = PBXGroup;
			children = (
				E58535C64C2C41D98A5E6E26 /* Calendar */,
				21A5924396C3420881B53336 /* Dashboard */,
				7F026A69E1624737BDCBB7BF /* Feed */,
				330AE3F628CB417F9D9EEB94 /* Horses */,
				B74F8A8615944004BDAFB692 /* Marketplace */,
				1BE200055AF14F3B86392573 /* Messages */,
				9EB571F2F141473F9D53E7B4 /* Profile */,
				0238A54ABAA549C0BF0EB9A6 /* Trainer */,
			);
			path = Features;
			sourceTree = "<group>";
		};
		7F026A69E1624737BDCBB7BF /* Feed */ = {
			isa = PBXGroup;
			children = (
				41D911B3EE1D4BD79DCEB34D /* FeedView.swift */,
				10387654D6D84C66A2189A9F /* FeedViewModel.swift */,
			);
			path = Feed;
			sourceTree = "<group>";
		};
		80ACCDAB85CB4880BEEE5D7F /* Auth */ = {
			isa = PBXGroup;
			children = (
				609A02790C294ED6A58C70A5 /* AuthManager.swift */,
				EECED794F9F74FFFB4BBC753 /* LoginView.swift */,
				650DB6115D1C46E1AF3746C0 /* RoleSelectView.swift */,
			);
			path = Auth;
			sourceTree = "<group>";
		};
		9EB571F2F141473F9D53E7B4 /* Profile */ = {
			isa = PBXGroup;
			children = (
				F6F9396E60EF44FDBF579CEC /* ProfileView.swift */,
			);
			path = Profile;
			sourceTree = "<group>";
		};
		B74F8A8615944004BDAFB692 /* Marketplace */ = {
			isa = PBXGroup;
			children = (
				ECA5568AD1DA49A29DE1BDB9 /* ListingDetailView.swift */,
				1EEC7B0C9AC84C56B79D551E /* MarketplaceView.swift */,
				AD81117F9D404246995407D3 /* MarketplaceViewModel.swift */,
			);
			path = Marketplace;
			sourceTree = "<group>";
		};
		C015858768F64513AD4FCC29 /* EquestrianConnect */ = {
			isa = PBXGroup;
			children = (
				80ACCDAB85CB4880BEEE5D7F /* Auth */,
				E71C9384BE5D418BBA438389 /* Core */,
				4BDBFDEB8E3244879E1EF5DE /* Features */,
				DB9D8B7DA3724D7F8E5116D8 /* Models */,
				E74BD1CD251B4064B4F35FD3 /* Networking */,
				7444B9F6E7BC41A797A6309E /* ContentView.swift */,
				6108492B9AEF4CBCA63F9511 /* EquestrianApp.swift */,
				44E3175E1CE14B9DB5534189 /* Info.plist */,
				86766608C6FC461C81F60913 /* MainTabView.swift */,
				BDF0117E6600412AB748EF1E /* SimulatorTestHarness.swift */,
				1B980BBBFA334C86AC751F93 /* Assets.xcassets */,
				C79C75626AB9477E850C2108 /* Products */,
			);
			path = EquestrianConnect;
			sourceTree = "<group>";
		};
		C79C75626AB9477E850C2108 /* Products */ = {
			isa = PBXGroup;
			children = (
				9F1907C284A94F81B27BBE69 /* EquestrianConnect.app */,
			);
			name = Products;
			sourceTree = "<group>";
		};
		CFA594766FB340B9A94E3C0E /* Components */ = {
			isa = PBXGroup;
			children = (
				AB8E3610FAD145009FEC76CB /* EQButton.swift */,
				26CD2227A3704026BDACD90D /* EQCard.swift */,
				3881759D990349EBA3C07F3C /* EQTextField.swift */,
				BA81BC86911E430E9CC1C8FD /* EmptyStateView.swift */,
			);
			path = Components;
			sourceTree = "<group>";
		};
		DB9D8B7DA3724D7F8E5116D8 /* Models */ = {
			isa = PBXGroup;
			children = (
				DEE673DA4A6644B6A22EC66A /* CalendarEvent.swift */,
				EECE48BB90BC4723AD821575 /* Horse.swift */,
				D8505F7DC0774A86B4F94D4B /* MarketplaceListing.swift */,
				A9048476BCC24CF5A2FCA39D /* Messaging.swift */,
				A1EFFA5164E543AABE268BCE /* Post.swift */,
				A34EB342B09A4619AEEE0A0D /* User.swift */,
			);
			path = Models;
			sourceTree = "<group>";
		};
		E58535C64C2C41D98A5E6E26 /* Calendar */ = {
			isa = PBXGroup;
			children = (
				E993BA08DDC44F09BBE64C48 /* CalendarView.swift */,
				2C5CB9374F704BBABBBF8468 /* CalendarViewModel.swift */,
				337B6C93BC3E41898A0FDB77 /* EventFormView.swift */,
			);
			path = Calendar;
			sourceTree = "<group>";
		};
		E71C9384BE5D418BBA438389 /* Core */ = {
			isa = PBXGroup;
			children = (
				CFA594766FB340B9A94E3C0E /* Components */,
				712CABBDD69841CEB39F92B0 /* DemoMode.swift */,
				B5B090065FD742D1995271A3 /* Extensions.swift */,
				E15D791C4110497FA7D49F24 /* KeychainHelper.swift */,
				54DA8643FEFA489DA58433F2 /* Theme.swift */,
			);
			path = Core;
			sourceTree = "<group>";
		};
		E74BD1CD251B4064B4F35FD3 /* Networking */ = {
			isa = PBXGroup;
			children = (
				D56935F0A126478AA5DAF295 /* Base44Client.swift */,
			);
			path = Networking;
			sourceTree = "<group>";
		};
/* End PBXGroup section */

/* Begin PBXNativeTarget section */
		7EB199A5B8D64A64A2A70333 /* EquestrianConnect */ = {
			isa = PBXNativeTarget;
			buildConfigurationList = C1F8330022B64242AEBF842A /* Build configuration list for PBXNativeTarget "EquestrianConnect" */;
			buildPhases = (
				9B97B64C358749FA9367A585 /* Sources */,
				226AF9B6EA2941939212D9E4 /* Frameworks */,
				7682820AC9D44C868C23BF4D /* Resources */,
			);
			buildRules = (
			);
			dependencies = (
			);
			name = EquestrianConnect;
			productName = EquestrianConnect;
			productReference = 9F1907C284A94F81B27BBE69 /* EquestrianConnect.app */;
			productType = "com.apple.product-type.application";
		};
/* End PBXNativeTarget section */

/* Begin PBXProject section */
		53BEB723BA12479FBFF7D846 /* Project object */ = {
			isa = PBXProject;
			attributes = {
				BuildIndependentTargetsInParallel = 1;
				LastSwiftUpdateCheck = 1500;
				LastUpgradeCheck = 1500;
				TargetAttributes = {
					7EB199A5B8D64A64A2A70333 = {
						CreatedOnToolsVersion = 15.0;
					};
				};
			};
			buildConfigurationList = C84F183259D8455495CD5F0F /* Build configuration list for PBXProject "EquestrianConnect" */;
			compatibilityVersion = "Xcode 14.0";
			developmentRegion = en;
			hasScannedForEncodings = 0;
			knownRegions = (
				en,
				Base,
			);
			mainGroup = C015858768F64513AD4FCC29 /* EquestrianConnect */;
			productRefGroup = C79C75626AB9477E850C2108 /* Products */;
			projectDirPath = "";
			projectRoot = "";
			targets = (
				7EB199A5B8D64A64A2A70333 /* EquestrianConnect */,
			);
		};
/* End PBXProject section */

/* Begin PBXResourcesBuildPhase section */
		7682820AC9D44C868C23BF4D /* Resources */ = {
			isa = PBXResourcesBuildPhase;
			buildActionMask = 2147483647;
			files = (
				00E0B94B12874E7E8D6BB659 /* Assets.xcassets in Resources */,
			);
			runOnlyForDeploymentPostprocessing = 0;
		};
/* End PBXResourcesBuildPhase section */

/* Begin PBXSourcesBuildPhase section */
		9B97B64C358749FA9367A585 /* Sources */ = {
			isa = PBXSourcesBuildPhase;
			buildActionMask = 2147483647;
			files = (
				C44405EEEB594D78A1FA0BD7 /* AuthManager.swift in Sources */,
				6E8C8F2E5DFE4C428217E158 /* LoginView.swift in Sources */,
				9FBDBE009EA84EDEB800227A /* RoleSelectView.swift in Sources */,
				CFDB569D19C74827810D7DD6 /* ContentView.swift in Sources */,
				1A6A8B5D80364BD6BC310186 /* EQButton.swift in Sources */,
				B6BC34651AE949288065FF50 /* EQCard.swift in Sources */,
				FBD27F01CDC44A4B93AFCDE6 /* EQTextField.swift in Sources */,
				4AF59AFC90FF427B9D2FBC77 /* EmptyStateView.swift in Sources */,
				DC361F5FE0424C48889409B8 /* DemoMode.swift in Sources */,
				CFD03E7A0C054597BC3750B9 /* Extensions.swift in Sources */,
				C6BAE9B32E0C4253A5A6BDC4 /* KeychainHelper.swift in Sources */,
				44A63E8D75A74F9AA42A3D17 /* Theme.swift in Sources */,
				9E1D0A1A969345F7A7502FAE /* EquestrianApp.swift in Sources */,
				91421890C6304005BF4C7B25 /* CalendarView.swift in Sources */,
				55D7F17DA58045C2A5A83DC4 /* CalendarViewModel.swift in Sources */,
				83089977427F46BDA27342BC /* EventFormView.swift in Sources */,
				3AD68BC7F7614233866630F5 /* DashboardView.swift in Sources */,
				384E00DD5E874D918B0AAB7F /* DashboardViewModel.swift in Sources */,
				319DB025C4864383B1C96DF7 /* FeedView.swift in Sources */,
				6D1A14AA36464858817F35A4 /* FeedViewModel.swift in Sources */,
				682D8B1D605F40F386E4F658 /* HorseFormView.swift in Sources */,
				B3456E1652F4461DA3C23196 /* HorseProfileView.swift in Sources */,
				E2BB05E2E6F743308A97FE63 /* HorsesView.swift in Sources */,
				B9ED8EDE739F4C3281BE18DE /* HorsesViewModel.swift in Sources */,
				5AB22130063D4236A8582312 /* ListingDetailView.swift in Sources */,
				8DDC6BDEAEB54B61B215A88D /* MarketplaceView.swift in Sources */,
				3F5100D66EDB4723A7FA2138 /* MarketplaceViewModel.swift in Sources */,
				83D434C22F93428CAF4C42A3 /* ChatView.swift in Sources */,
				E3400FA8D6B049E4B40F85AC /* ConversationsView.swift in Sources */,
				7ED849B75ACA4D8FBA2D27F6 /* MessagesViewModel.swift in Sources */,
				BF9C80A00FEE4F95B3C5D09F /* ProfileView.swift in Sources */,
				8E1FDF6A14FD4A4D8A74A741 /* TrainerHorsesView.swift in Sources */,
				52FBEC05704B4D019FBCCFDC /* TrainerHubView.swift in Sources */,
				D9625CBC188D4F999AE6A8D1 /* MainTabView.swift in Sources */,
				1BDB93ABB89F4D33B9C51A20 /* CalendarEvent.swift in Sources */,
				033324A64A044BBFA9000F82 /* Horse.swift in Sources */,
				75C4030A6CAC4702A979A4C0 /* MarketplaceListing.swift in Sources */,
				77F21F0A26DD4B4AA2D3528F /* Messaging.swift in Sources */,
				5BC162009AB0484B936C49E4 /* Post.swift in Sources */,
				B57F937530AC4C78B63EB2DB /* User.swift in Sources */,
				EF4D0999ED374F1A8C0C16C6 /* Base44Client.swift in Sources */,
				2D962AB107B54695BEBF086F /* SimulatorTestHarness.swift in Sources */,
			);
			runOnlyForDeploymentPostprocessing = 0;
		};
/* End PBXSourcesBuildPhase section */

/* Begin XCBuildConfiguration section */
		19B80299CB364E999E2AC9C9 /* Release */ = {
			isa = XCBuildConfiguration;
			buildSettings = {
				ALWAYS_SEARCH_USER_PATHS = NO;
				ASSETCATALOG_COMPILER_APPICON_NAME = AppIcon;
				ASSETCATALOG_COMPILER_GLOBAL_ACCENT_COLOR_NAME = AccentColor;
				CODE_SIGN_STYLE = Automatic;
				CURRENT_PROJECT_VERSION = 1;
				DEBUG_INFORMATION_FORMAT = "dwarf-with-dsym";
				DEVELOPMENT_TEAM = TFL23K3TK9;
				ENABLE_NS_ASSERTIONS = NO;
				GENERATE_INFOPLIST_FILE = NO;
				INFOPLIST_FILE = EquestrianConnect/Info.plist;
				IPHONEOS_DEPLOYMENT_TARGET = 17.0;
				MARKETING_VERSION = 1.0.0;
				MTL_ENABLE_DEBUG_INFO = NO;
				PRODUCT_BUNDLE_IDENTIFIER = com.equestrianconnect.app;
				PRODUCT_NAME = "$(TARGET_NAME)";
				SDKROOT = iphoneos;
				SWIFT_EMIT_LOC_STRINGS = YES;
				SWIFT_OPTIMIZATION_LEVEL = "-Owholemodule";
				SWIFT_VERSION = 5.0;
				TARGETED_DEVICE_FAMILY = 1;
				VALIDATE_PRODUCT = YES;
			};
			name = Release;
		};
		5F3A471D22A744CFADE6CF09 /* Debug */ = {
			isa = XCBuildConfiguration;
			buildSettings = {
				ALWAYS_SEARCH_USER_PATHS = NO;
				ASSETCATALOG_COMPILER_APPICON_NAME = AppIcon;
				ASSETCATALOG_COMPILER_GLOBAL_ACCENT_COLOR_NAME = AccentColor;
				CODE_SIGN_STYLE = Automatic;
				CURRENT_PROJECT_VERSION = 1;
				DEBUG_INFORMATION_FORMAT = dwarf;
				DEVELOPMENT_TEAM = TFL23K3TK9;
				ENABLE_TESTABILITY = YES;
				GENERATE_INFOPLIST_FILE = NO;
				INFOPLIST_FILE = EquestrianConnect/Info.plist;
				IPHONEOS_DEPLOYMENT_TARGET = 17.0;
				MARKETING_VERSION = 1.0.0;
				MTL_ENABLE_DEBUG_INFO = INCLUDE_SOURCE;
				ONLY_ACTIVE_ARCH = YES;
				PRODUCT_BUNDLE_IDENTIFIER = com.equestrianconnect.app;
				PRODUCT_NAME = "$(TARGET_NAME)";
				SDKROOT = iphoneos;
				SWIFT_ACTIVE_COMPILATION_CONDITIONS = DEBUG;
				SWIFT_EMIT_LOC_STRINGS = YES;
				SWIFT_OPTIMIZATION_LEVEL = "-Onone";
				SWIFT_VERSION = 5.0;
				TARGETED_DEVICE_FAMILY = 1;
			};
			name = Debug;
		};
		674AA3A0941F44BDAE45B565 /* Debug */ = {
			isa = XCBuildConfiguration;
			buildSettings = {
				ALWAYS_SEARCH_USER_PATHS = NO;
				CLANG_ANALYZER_NONNULL = YES;
				CLANG_CXX_LANGUAGE_STANDARD = "gnu++20";
				CLANG_ENABLE_MODULES = YES;
				CLANG_ENABLE_OBJC_ARC = YES;
				COPY_PHASE_STRIP = NO;
				DEBUG_INFORMATION_FORMAT = dwarf;
				ENABLE_STRICT_OBJC_MSGSEND = YES;
				ENABLE_TESTABILITY = YES;
				GCC_C_LANGUAGE_STANDARD = gnu17;
				IPHONEOS_DEPLOYMENT_TARGET = 17.0;
				MTL_ENABLE_DEBUG_INFO = INCLUDE_SOURCE;
				ONLY_ACTIVE_ARCH = YES;
				SDKROOT = iphoneos;
				SWIFT_ACTIVE_COMPILATION_CONDITIONS = DEBUG;
				SWIFT_OPTIMIZATION_LEVEL = "-Onone";
				SWIFT_VERSION = 5.0;
			};
			name = Debug;
		};
		C61C30161FCF41E786F3275A /* Release */ = {
			isa = XCBuildConfiguration;
			buildSettings = {
				ALWAYS_SEARCH_USER_PATHS = NO;
				CLANG_ANALYZER_NONNULL = YES;
				CLANG_CXX_LANGUAGE_STANDARD = "gnu++20";
				CLANG_ENABLE_MODULES = YES;
				CLANG_ENABLE_OBJC_ARC = YES;
				COPY_PHASE_STRIP = NO;
				DEBUG_INFORMATION_FORMAT = "dwarf-with-dsym";
				ENABLE_NS_ASSERTIONS = NO;
				ENABLE_STRICT_OBJC_MSGSEND = YES;
				GCC_C_LANGUAGE_STANDARD = gnu17;
				IPHONEOS_DEPLOYMENT_TARGET = 17.0;
				MTL_ENABLE_DEBUG_INFO = NO;
				SDKROOT = iphoneos;
				SWIFT_OPTIMIZATION_LEVEL = "-Owholemodule";
				SWIFT_VERSION = 5.0;
				VALIDATE_PRODUCT = YES;
			};
			name = Release;
		};
/* End XCBuildConfiguration section */

/* Begin XCConfigurationList section */
		C1F8330022B64242AEBF842A /* Build configuration list for PBXNativeTarget "EquestrianConnect" */ = {
			isa = XCConfigurationList;
			buildConfigurations = (
				5F3A471D22A744CFADE6CF09 /* Debug */,
				19B80299CB364E999E2AC9C9 /* Release */,
			);
			defaultConfigurationIsVisible = 0;
			defaultConfigurationName = Release;
		};
		C84F183259D8455495CD5F0F /* Build configuration list for PBXProject "EquestrianConnect" */ = {
			isa = XCConfigurationList;
			buildConfigurations = (
				674AA3A0941F44BDAE45B565 /* Debug */,
				C61C30161FCF41E786F3275A /* Release */,
			);
			defaultConfigurationIsVisible = 0;
			defaultConfigurationName = Release;
		};
/* End XCConfigurationList section */
	};
	rootObject = 53BEB723BA12479FBFF7D846 /* Project object */;
}
