// !$*UTF8*$!
{
	archiveVersion = 1;
	classes = {
	};
	objectVersion = 56;
	objects = {

		/* Begin PBXBuildFile section */
			0A4A63EC465249FDB9D62F8B /* AuthManager.swift in Sources */ = {isa = PBXBuildFile; fileRef = 4EB4959FBB1A4A6FBE2D75ED /* AuthManager.swift */; };
			93F98C722F08467ABE3492BA /* LoginView.swift in Sources */ = {isa = PBXBuildFile; fileRef = AA7FC14E1C454BC3B7FE1E07 /* LoginView.swift */; };
			B405EBFB4AE24E449E0A4927 /* OTPVerificationView.swift in Sources */ = {isa = PBXBuildFile; fileRef = C62269BA61D0448D9AAD4D38 /* OTPVerificationView.swift */; };
			4FB707B315784B338BC820CD /* RoleSelectView.swift in Sources */ = {isa = PBXBuildFile; fileRef = 7B322D3121E747D296D58084 /* RoleSelectView.swift */; };
			07FE1AA477A7410A987BFCAC /* ContentView.swift in Sources */ = {isa = PBXBuildFile; fileRef = 21253A15F2E34C6D9F24DADE /* ContentView.swift */; };
			CC6E1743A90E4F4EB908C394 /* EQButton.swift in Sources */ = {isa = PBXBuildFile; fileRef = CC8719968FD5440F85902EF2 /* EQButton.swift */; };
			92FC34212E9A4020B497D0A9 /* EQCard.swift in Sources */ = {isa = PBXBuildFile; fileRef = A8710C943676415AAC7DDDB9 /* EQCard.swift */; };
			542DE425BB724186A9F0A2D9 /* EQTextField.swift in Sources */ = {isa = PBXBuildFile; fileRef = 29D653430EC0454F96E158E5 /* EQTextField.swift */; };
			456B8A4D23C04051A36DDD9E /* EmptyStateView.swift in Sources */ = {isa = PBXBuildFile; fileRef = 9738FFE1FA4F4EBDB8D2B289 /* EmptyStateView.swift */; };
			9ED196A6B6CB4031B645CEC6 /* DemoMode.swift in Sources */ = {isa = PBXBuildFile; fileRef = 7891F79FDB824B9688B530D2 /* DemoMode.swift */; };
			6BB4A7791A714882A74E33D2 /* Extensions.swift in Sources */ = {isa = PBXBuildFile; fileRef = 02A35FFEE2C94D15A84558B4 /* Extensions.swift */; };
			7CFEE635CD76479F9A330839 /* KeychainHelper.swift in Sources */ = {isa = PBXBuildFile; fileRef = B4619B0BF50D43F981CD5172 /* KeychainHelper.swift */; };
			549F0A96C0EF4DA88B2BB6BB /* Theme.swift in Sources */ = {isa = PBXBuildFile; fileRef = CEC1706A455D45FFA88EA242 /* Theme.swift */; };
			30151B1DFE6E480FA3551BBA /* EquestrianApp.swift in Sources */ = {isa = PBXBuildFile; fileRef = 523D529A6F1C4C6CBA452E6A /* EquestrianApp.swift */; };
			803F0DE6A4CC444AAD72233F /* AdminUsersView.swift in Sources */ = {isa = PBXBuildFile; fileRef = A7F437CB81BD4BC3BBF95033 /* AdminUsersView.swift */; };
			583E9A7F04E24BEFBDD8603A /* CalendarView.swift in Sources */ = {isa = PBXBuildFile; fileRef = 9017E724D7D64CFA941125DA /* CalendarView.swift */; };
			CEEAA2EA0A37454DB9CAF13A /* CalendarViewModel.swift in Sources */ = {isa = PBXBuildFile; fileRef = A0928CD55317459A9E1749E6 /* CalendarViewModel.swift */; };
			2317B436B1724371A4DAC1A7 /* EventFormView.swift in Sources */ = {isa = PBXBuildFile; fileRef = 56812676146046CEA67383BE /* EventFormView.swift */; };
			11091ED1172343E29C45C71B /* DashboardView.swift in Sources */ = {isa = PBXBuildFile; fileRef = 4265E12822E54D60BF029518 /* DashboardView.swift */; };
			802757E34E7F4BD880D95F55 /* DashboardViewModel.swift in Sources */ = {isa = PBXBuildFile; fileRef = 46E4B0EBCC7E4ACCB30C36B7 /* DashboardViewModel.swift */; };
			59598F0F46A840A19BE73C38 /* CommunityView.swift in Sources */ = {isa = PBXBuildFile; fileRef = E5480C59E4404A669FB39C89 /* CommunityView.swift */; };
			D47CAD449FF64B4B94E13C28 /* FeedView.swift in Sources */ = {isa = PBXBuildFile; fileRef = ED5360203BB14529840D4F56 /* FeedView.swift */; };
			339C5AA98796446294D77FEE /* FeedViewModel.swift in Sources */ = {isa = PBXBuildFile; fileRef = 6B3DE112F22A41099F6AEC2A /* FeedViewModel.swift */; };
			9B3D91DBB1AF4F59AEBC370C /* HorseFormView.swift in Sources */ = {isa = PBXBuildFile; fileRef = ECFCB5D9B0DB465F9885814E /* HorseFormView.swift */; };
			0DCC78D38B8F495D8CD8E5E3 /* HorseProfileView.swift in Sources */ = {isa = PBXBuildFile; fileRef = 0913FA7EC1C1440993CD750B /* HorseProfileView.swift */; };
			D6B0450A29F94AF8A58705C7 /* HorseRegistry.swift in Sources */ = {isa = PBXBuildFile; fileRef = D6F96B748FAA45C2B9AE0327 /* HorseRegistry.swift */; };
			E59264BD99E84B07BC1FD4AD /* HorsesView.swift in Sources */ = {isa = PBXBuildFile; fileRef = 317E0A7374884F02AD6A8E98 /* HorsesView.swift */; };
			B2367010B1214EC9A6CEC0D5 /* HorsesViewModel.swift in Sources */ = {isa = PBXBuildFile; fileRef = 562DED581A9B43BE879BEE54 /* HorsesViewModel.swift */; };
			04C133410CAD43669551B3C2 /* ListingDetailView.swift in Sources */ = {isa = PBXBuildFile; fileRef = 9AF45FA14D7344DBA9976F00 /* ListingDetailView.swift */; };
			25C510751DB0497CB86C129F /* MarketplaceView.swift in Sources */ = {isa = PBXBuildFile; fileRef = F05D03777CE845A19E448498 /* MarketplaceView.swift */; };
			99BA7E3EC8354A6A9D3B6199 /* MarketplaceViewModel.swift in Sources */ = {isa = PBXBuildFile; fileRef = 7AE867F9AC47495686A30B47 /* MarketplaceViewModel.swift */; };
			83DEF6FB2DC64802A6EF0411 /* ChatView.swift in Sources */ = {isa = PBXBuildFile; fileRef = DED97B962F4046CE85ED80FB /* ChatView.swift */; };
			351678FF071346F9ACCA160D /* ConversationsView.swift in Sources */ = {isa = PBXBuildFile; fileRef = 41CAC0E3D641498B80DC0E8D /* ConversationsView.swift */; };
			5664BBCC1BB54BC188E308D8 /* MessagesViewModel.swift in Sources */ = {isa = PBXBuildFile; fileRef = 4BD758CD782448FA8A1513AD /* MessagesViewModel.swift */; };
			73AC2BF082DB45798BD8C97B /* ProfileView.swift in Sources */ = {isa = PBXBuildFile; fileRef = 263887D164274E1890901E24 /* ProfileView.swift */; };
			AB9805E3C9664E23910DC6FB /* TrainerHorsesView.swift in Sources */ = {isa = PBXBuildFile; fileRef = FAF45311BE574AA99D99C75B /* TrainerHorsesView.swift */; };
			D4BCF8DC2BDA41039FD227C7 /* TrainerHubView.swift in Sources */ = {isa = PBXBuildFile; fileRef = 67FC717B49DE4662B1D12735 /* TrainerHubView.swift */; };
			22B2F14E6C6844D3A837CC8D /* MainTabView.swift in Sources */ = {isa = PBXBuildFile; fileRef = F453706A01E94F50906EFAF5 /* MainTabView.swift */; };
			001C3527DFC4419F973C5857 /* CalendarEvent.swift in Sources */ = {isa = PBXBuildFile; fileRef = 458866AB8F114B1DB1B673F5 /* CalendarEvent.swift */; };
			AF7157F14C9F49F19865ABEB /* Horse.swift in Sources */ = {isa = PBXBuildFile; fileRef = 87436415B3B04C1B9C368ED3 /* Horse.swift */; };
			4D7BEAE302B24C6E8E7E3DA0 /* HorseDocument.swift in Sources */ = {isa = PBXBuildFile; fileRef = 8F0D18BD393D4456BECA7177 /* HorseDocument.swift */; };
			B3F604DC456F447F9A319BBA /* MarketplaceListing.swift in Sources */ = {isa = PBXBuildFile; fileRef = 66EAE30EEAA94DB1A64EB8D6 /* MarketplaceListing.swift */; };
			069A3A563B4B45368CBDC924 /* Messaging.swift in Sources */ = {isa = PBXBuildFile; fileRef = 6F3146E91FD54715B9155250 /* Messaging.swift */; };
			DA4F0485B61443FAB6E46788 /* Post.swift in Sources */ = {isa = PBXBuildFile; fileRef = AC839BBFD6184B7EABE2E1D3 /* Post.swift */; };
			66E99B9B656248BE826C8070 /* User.swift in Sources */ = {isa = PBXBuildFile; fileRef = A2DA31749128458E8987A04F /* User.swift */; };
			7E1656E81EF642C7995618BE /* SupabaseClient.swift in Sources */ = {isa = PBXBuildFile; fileRef = A01DF27A7F844D2596E5FBC3 /* SupabaseClient.swift */; };
			EC9ADBD631124996ACC01A41 /* SimulatorTestHarness.swift in Sources */ = {isa = PBXBuildFile; fileRef = 71FD53A81B6444E7844E8EDE /* SimulatorTestHarness.swift */; };
			22040050A6DB4A8FAD252647 /* Assets.xcassets in Resources */ = {isa = PBXBuildFile; fileRef = 2050C0B760FA473BA592ECC1 /* Assets.xcassets */; };
			048EC7AC1CC2457FBED187AD /* ncha_horses.csv in Resources */ = {isa = PBXBuildFile; fileRef = 75B0C9DD14C94A8796F8108F /* ncha_horses.csv */; };
		/* End PBXBuildFile section */

		/* Begin PBXFileReference section */
			4EB4959FBB1A4A6FBE2D75ED /* AuthManager.swift */ = {isa = PBXFileReference; lastKnownFileType = sourcecode.swift; path = "AuthManager.swift"; sourceTree = "<group>"; };
			AA7FC14E1C454BC3B7FE1E07 /* LoginView.swift */ = {isa = PBXFileReference; lastKnownFileType = sourcecode.swift; path = "LoginView.swift"; sourceTree = "<group>"; };
			C62269BA61D0448D9AAD4D38 /* OTPVerificationView.swift */ = {isa = PBXFileReference; lastKnownFileType = sourcecode.swift; path = "OTPVerificationView.swift"; sourceTree = "<group>"; };
			7B322D3121E747D296D58084 /* RoleSelectView.swift */ = {isa = PBXFileReference; lastKnownFileType = sourcecode.swift; path = "RoleSelectView.swift"; sourceTree = "<group>"; };
			21253A15F2E34C6D9F24DADE /* ContentView.swift */ = {isa = PBXFileReference; lastKnownFileType = sourcecode.swift; path = "ContentView.swift"; sourceTree = "<group>"; };
			CC8719968FD5440F85902EF2 /* EQButton.swift */ = {isa = PBXFileReference; lastKnownFileType = sourcecode.swift; path = "EQButton.swift"; sourceTree = "<group>"; };
			A8710C943676415AAC7DDDB9 /* EQCard.swift */ = {isa = PBXFileReference; lastKnownFileType = sourcecode.swift; path = "EQCard.swift"; sourceTree = "<group>"; };
			29D653430EC0454F96E158E5 /* EQTextField.swift */ = {isa = PBXFileReference; lastKnownFileType = sourcecode.swift; path = "EQTextField.swift"; sourceTree = "<group>"; };
			9738FFE1FA4F4EBDB8D2B289 /* EmptyStateView.swift */ = {isa = PBXFileReference; lastKnownFileType = sourcecode.swift; path = "EmptyStateView.swift"; sourceTree = "<group>"; };
			7891F79FDB824B9688B530D2 /* DemoMode.swift */ = {isa = PBXFileReference; lastKnownFileType = sourcecode.swift; path = "DemoMode.swift"; sourceTree = "<group>"; };
			02A35FFEE2C94D15A84558B4 /* Extensions.swift */ = {isa = PBXFileReference; lastKnownFileType = sourcecode.swift; path = "Extensions.swift"; sourceTree = "<group>"; };
			B4619B0BF50D43F981CD5172 /* KeychainHelper.swift */ = {isa = PBXFileReference; lastKnownFileType = sourcecode.swift; path = "KeychainHelper.swift"; sourceTree = "<group>"; };
			CEC1706A455D45FFA88EA242 /* Theme.swift */ = {isa = PBXFileReference; lastKnownFileType = sourcecode.swift; path = "Theme.swift"; sourceTree = "<group>"; };
			523D529A6F1C4C6CBA452E6A /* EquestrianApp.swift */ = {isa = PBXFileReference; lastKnownFileType = sourcecode.swift; path = "EquestrianApp.swift"; sourceTree = "<group>"; };
			A7F437CB81BD4BC3BBF95033 /* AdminUsersView.swift */ = {isa = PBXFileReference; lastKnownFileType = sourcecode.swift; path = "AdminUsersView.swift"; sourceTree = "<group>"; };
			9017E724D7D64CFA941125DA /* CalendarView.swift */ = {isa = PBXFileReference; lastKnownFileType = sourcecode.swift; path = "CalendarView.swift"; sourceTree = "<group>"; };
			A0928CD55317459A9E1749E6 /* CalendarViewModel.swift */ = {isa = PBXFileReference; lastKnownFileType = sourcecode.swift; path = "CalendarViewModel.swift"; sourceTree = "<group>"; };
			56812676146046CEA67383BE /* EventFormView.swift */ = {isa = PBXFileReference; lastKnownFileType = sourcecode.swift; path = "EventFormView.swift"; sourceTree = "<group>"; };
			4265E12822E54D60BF029518 /* DashboardView.swift */ = {isa = PBXFileReference; lastKnownFileType = sourcecode.swift; path = "DashboardView.swift"; sourceTree = "<group>"; };
			46E4B0EBCC7E4ACCB30C36B7 /* DashboardViewModel.swift */ = {isa = PBXFileReference; lastKnownFileType = sourcecode.swift; path = "DashboardViewModel.swift"; sourceTree = "<group>"; };
			E5480C59E4404A669FB39C89 /* CommunityView.swift */ = {isa = PBXFileReference; lastKnownFileType = sourcecode.swift; path = "CommunityView.swift"; sourceTree = "<group>"; };
			ED5360203BB14529840D4F56 /* FeedView.swift */ = {isa = PBXFileReference; lastKnownFileType = sourcecode.swift; path = "FeedView.swift"; sourceTree = "<group>"; };
			6B3DE112F22A41099F6AEC2A /* FeedViewModel.swift */ = {isa = PBXFileReference; lastKnownFileType = sourcecode.swift; path = "FeedViewModel.swift"; sourceTree = "<group>"; };
			ECFCB5D9B0DB465F9885814E /* HorseFormView.swift */ = {isa = PBXFileReference; lastKnownFileType = sourcecode.swift; path = "HorseFormView.swift"; sourceTree = "<group>"; };
			0913FA7EC1C1440993CD750B /* HorseProfileView.swift */ = {isa = PBXFileReference; lastKnownFileType = sourcecode.swift; path = "HorseProfileView.swift"; sourceTree = "<group>"; };
			D6F96B748FAA45C2B9AE0327 /* HorseRegistry.swift */ = {isa = PBXFileReference; lastKnownFileType = sourcecode.swift; path = "HorseRegistry.swift"; sourceTree = "<group>"; };
			317E0A7374884F02AD6A8E98 /* HorsesView.swift */ = {isa = PBXFileReference; lastKnownFileType = sourcecode.swift; path = "HorsesView.swift"; sourceTree = "<group>"; };
			562DED581A9B43BE879BEE54 /* HorsesViewModel.swift */ = {isa = PBXFileReference; lastKnownFileType = sourcecode.swift; path = "HorsesViewModel.swift"; sourceTree = "<group>"; };
			9AF45FA14D7344DBA9976F00 /* ListingDetailView.swift */ = {isa = PBXFileReference; lastKnownFileType = sourcecode.swift; path = "ListingDetailView.swift"; sourceTree = "<group>"; };
			F05D03777CE845A19E448498 /* MarketplaceView.swift */ = {isa = PBXFileReference; lastKnownFileType = sourcecode.swift; path = "MarketplaceView.swift"; sourceTree = "<group>"; };
			7AE867F9AC47495686A30B47 /* MarketplaceViewModel.swift */ = {isa = PBXFileReference; lastKnownFileType = sourcecode.swift; path = "MarketplaceViewModel.swift"; sourceTree = "<group>"; };
			DED97B962F4046CE85ED80FB /* ChatView.swift */ = {isa = PBXFileReference; lastKnownFileType = sourcecode.swift; path = "ChatView.swift"; sourceTree = "<group>"; };
			41CAC0E3D641498B80DC0E8D /* ConversationsView.swift */ = {isa = PBXFileReference; lastKnownFileType = sourcecode.swift; path = "ConversationsView.swift"; sourceTree = "<group>"; };
			4BD758CD782448FA8A1513AD /* MessagesViewModel.swift */ = {isa = PBXFileReference; lastKnownFileType = sourcecode.swift; path = "MessagesViewModel.swift"; sourceTree = "<group>"; };
			263887D164274E1890901E24 /* ProfileView.swift */ = {isa = PBXFileReference; lastKnownFileType = sourcecode.swift; path = "ProfileView.swift"; sourceTree = "<group>"; };
			FAF45311BE574AA99D99C75B /* TrainerHorsesView.swift */ = {isa = PBXFileReference; lastKnownFileType = sourcecode.swift; path = "TrainerHorsesView.swift"; sourceTree = "<group>"; };
			67FC717B49DE4662B1D12735 /* TrainerHubView.swift */ = {isa = PBXFileReference; lastKnownFileType = sourcecode.swift; path = "TrainerHubView.swift"; sourceTree = "<group>"; };
			704DB0EBD6994DC7AB8F4D33 /* Info.plist */ = {isa = PBXFileReference; lastKnownFileType = text.plist.xml; path = "Info.plist"; sourceTree = "<group>"; };
			F453706A01E94F50906EFAF5 /* MainTabView.swift */ = {isa = PBXFileReference; lastKnownFileType = sourcecode.swift; path = "MainTabView.swift"; sourceTree = "<group>"; };
			458866AB8F114B1DB1B673F5 /* CalendarEvent.swift */ = {isa = PBXFileReference; lastKnownFileType = sourcecode.swift; path = "CalendarEvent.swift"; sourceTree = "<group>"; };
			87436415B3B04C1B9C368ED3 /* Horse.swift */ = {isa = PBXFileReference; lastKnownFileType = sourcecode.swift; path = "Horse.swift"; sourceTree = "<group>"; };
			8F0D18BD393D4456BECA7177 /* HorseDocument.swift */ = {isa = PBXFileReference; lastKnownFileType = sourcecode.swift; path = "HorseDocument.swift"; sourceTree = "<group>"; };
			66EAE30EEAA94DB1A64EB8D6 /* MarketplaceListing.swift */ = {isa = PBXFileReference; lastKnownFileType = sourcecode.swift; path = "MarketplaceListing.swift"; sourceTree = "<group>"; };
			6F3146E91FD54715B9155250 /* Messaging.swift */ = {isa = PBXFileReference; lastKnownFileType = sourcecode.swift; path = "Messaging.swift"; sourceTree = "<group>"; };
			AC839BBFD6184B7EABE2E1D3 /* Post.swift */ = {isa = PBXFileReference; lastKnownFileType = sourcecode.swift; path = "Post.swift"; sourceTree = "<group>"; };
			A2DA31749128458E8987A04F /* User.swift */ = {isa = PBXFileReference; lastKnownFileType = sourcecode.swift; path = "User.swift"; sourceTree = "<group>"; };
			A01DF27A7F844D2596E5FBC3 /* SupabaseClient.swift */ = {isa = PBXFileReference; lastKnownFileType = sourcecode.swift; path = "SupabaseClient.swift"; sourceTree = "<group>"; };
			75B0C9DD14C94A8796F8108F /* ncha_horses.csv */ = {isa = PBXFileReference; lastKnownFileType = text.csv; path = "ncha_horses.csv"; sourceTree = "<group>"; };
			71FD53A81B6444E7844E8EDE /* SimulatorTestHarness.swift */ = {isa = PBXFileReference; lastKnownFileType = sourcecode.swift; path = "SimulatorTestHarness.swift"; sourceTree = "<group>"; };
			2050C0B760FA473BA592ECC1 /* Assets.xcassets */ = {isa = PBXFileReference; lastKnownFileType = folder.assetcatalog; path = Assets.xcassets; sourceTree = "<group>"; };
			76A11DCD4CC0459BADA32B66 /* Supabase.xcconfig */ = {isa = PBXFileReference; lastKnownFileType = text.xcconfig; name = Supabase.xcconfig; path = "Config/Supabase.xcconfig"; sourceTree = SOURCE_ROOT; };
			29AF432CA66040299CD34462 /* EquestrianConnect.app */ = {isa = PBXFileReference; explicitFileType = wrapper.application; includeInIndex = 0; path = EquestrianConnect.app; sourceTree = BUILT_PRODUCTS_DIR; };
		/* End PBXFileReference section */

		/* Begin PBXFrameworksBuildPhase section */
			3DCF8D2227B043D8A6F5F7E9 /* Frameworks */ = {
				isa = PBXFrameworksBuildPhase;
				buildActionMask = 2147483647;
				files = (
				);
				runOnlyForDeploymentPostprocessing = 0;
			};
		/* End PBXFrameworksBuildPhase section */

		/* Begin PBXGroup section */
			B61C22BA1CE6419197DDEE44 = {
				isa = PBXGroup;
				children = (
					EE2493D85BD34C42BD78E7E7 /* Auth */,
					82A21C3F6176439BB0DFFB73 /* Core */,
					6AD52DFC21E64195A3F8F933 /* Features */,
					4305C8168854452F8ED6FC94 /* Models */,
					9024DBE6496149A98C4079BA /* Networking */,
					AF03D9BA55814F6390139944 /* Resources */,
					21253A15F2E34C6D9F24DADE /* ContentView.swift */,
					523D529A6F1C4C6CBA452E6A /* EquestrianApp.swift */,
					704DB0EBD6994DC7AB8F4D33 /* Info.plist */,
					F453706A01E94F50906EFAF5 /* MainTabView.swift */,
					71FD53A81B6444E7844E8EDE /* SimulatorTestHarness.swift */,
					2050C0B760FA473BA592ECC1 /* Assets.xcassets */,
					76A11DCD4CC0459BADA32B66 /* Supabase.xcconfig */,
					810571B97F454B27825438CF /* Products */,
				);
				name = EquestrianConnect;
				path = EquestrianConnect;
				sourceTree = "<group>";
			};
			810571B97F454B27825438CF /* Products */ = {
				isa = PBXGroup;
				children = (
					29AF432CA66040299CD34462 /* EquestrianConnect.app */,
				);
				name = Products;
				sourceTree = "<group>";
			};
			EE2493D85BD34C42BD78E7E7 /* Auth */ = {
				isa = PBXGroup;
				children = (
					4EB4959FBB1A4A6FBE2D75ED /* AuthManager.swift */,
					AA7FC14E1C454BC3B7FE1E07 /* LoginView.swift */,
					C62269BA61D0448D9AAD4D38 /* OTPVerificationView.swift */,
					7B322D3121E747D296D58084 /* RoleSelectView.swift */,
				);
				name = "Auth";
				path = "Auth";
				sourceTree = "<group>";
			};
			82A21C3F6176439BB0DFFB73 /* Core */ = {
				isa = PBXGroup;
				children = (
					7EE3A922CB9B4DA280910CEB /* Components */,
					7891F79FDB824B9688B530D2 /* DemoMode.swift */,
					02A35FFEE2C94D15A84558B4 /* Extensions.swift */,
					B4619B0BF50D43F981CD5172 /* KeychainHelper.swift */,
					CEC1706A455D45FFA88EA242 /* Theme.swift */,
				);
				name = "Core";
				path = "Core";
				sourceTree = "<group>";
			};
			7EE3A922CB9B4DA280910CEB /* Components */ = {
				isa = PBXGroup;
				children = (
					CC8719968FD5440F85902EF2 /* EQButton.swift */,
					A8710C943676415AAC7DDDB9 /* EQCard.swift */,
					29D653430EC0454F96E158E5 /* EQTextField.swift */,
					9738FFE1FA4F4EBDB8D2B289 /* EmptyStateView.swift */,
				);
				name = "Components";
				path = "Components";
				sourceTree = "<group>";
			};
			6AD52DFC21E64195A3F8F933 /* Features */ = {
				isa = PBXGroup;
				children = (
					69D7A78DA6434FE48ECD1E1A /* Admin */,
					B29DB67895AD4504947DD7CD /* Calendar */,
					B19A5024BD824476BF6C324A /* Dashboard */,
					6C76B5F562A54E9289A27BB1 /* Feed */,
					2806A06A3024496D89A47053 /* Horses */,
					AE6CCE090FC04F04BA01383C /* Marketplace */,
					EDF375BDBC3D4847A46D2AA7 /* Messages */,
					AE7B357371CE4078A5071AC6 /* Profile */,
					20D58EC0244B4D04AFC88EEA /* Trainer */,
				);
				name = "Features";
				path = "Features";
				sourceTree = "<group>";
			};
			69D7A78DA6434FE48ECD1E1A /* Admin */ = {
				isa = PBXGroup;
				children = (
					A7F437CB81BD4BC3BBF95033 /* AdminUsersView.swift */,
				);
				name = "Admin";
				path = "Admin";
				sourceTree = "<group>";
			};
			B29DB67895AD4504947DD7CD /* Calendar */ = {
				isa = PBXGroup;
				children = (
					9017E724D7D64CFA941125DA /* CalendarView.swift */,
					A0928CD55317459A9E1749E6 /* CalendarViewModel.swift */,
					56812676146046CEA67383BE /* EventFormView.swift */,
				);
				name = "Calendar";
				path = "Calendar";
				sourceTree = "<group>";
			};
			B19A5024BD824476BF6C324A /* Dashboard */ = {
				isa = PBXGroup;
				children = (
					4265E12822E54D60BF029518 /* DashboardView.swift */,
					46E4B0EBCC7E4ACCB30C36B7 /* DashboardViewModel.swift */,
				);
				name = "Dashboard";
				path = "Dashboard";
				sourceTree = "<group>";
			};
			6C76B5F562A54E9289A27BB1 /* Feed */ = {
				isa = PBXGroup;
				children = (
					E5480C59E4404A669FB39C89 /* CommunityView.swift */,
					ED5360203BB14529840D4F56 /* FeedView.swift */,
					6B3DE112F22A41099F6AEC2A /* FeedViewModel.swift */,
				);
				name = "Feed";
				path = "Feed";
				sourceTree = "<group>";
			};
			2806A06A3024496D89A47053 /* Horses */ = {
				isa = PBXGroup;
				children = (
					ECFCB5D9B0DB465F9885814E /* HorseFormView.swift */,
					0913FA7EC1C1440993CD750B /* HorseProfileView.swift */,
					D6F96B748FAA45C2B9AE0327 /* HorseRegistry.swift */,
					317E0A7374884F02AD6A8E98 /* HorsesView.swift */,
					562DED581A9B43BE879BEE54 /* HorsesViewModel.swift */,
				);
				name = "Horses";
				path = "Horses";
				sourceTree = "<group>";
			};
			AE6CCE090FC04F04BA01383C /* Marketplace */ = {
				isa = PBXGroup;
				children = (
					9AF45FA14D7344DBA9976F00 /* ListingDetailView.swift */,
					F05D03777CE845A19E448498 /* MarketplaceView.swift */,
					7AE867F9AC47495686A30B47 /* MarketplaceViewModel.swift */,
				);
				name = "Marketplace";
				path = "Marketplace";
				sourceTree = "<group>";
			};
			EDF375BDBC3D4847A46D2AA7 /* Messages */ = {
				isa = PBXGroup;
				children = (
					DED97B962F4046CE85ED80FB /* ChatView.swift */,
					41CAC0E3D641498B80DC0E8D /* ConversationsView.swift */,
					4BD758CD782448FA8A1513AD /* MessagesViewModel.swift */,
				);
				name = "Messages";
				path = "Messages";
				sourceTree = "<group>";
			};
			AE7B357371CE4078A5071AC6 /* Profile */ = {
				isa = PBXGroup;
				children = (
					263887D164274E1890901E24 /* ProfileView.swift */,
				);
				name = "Profile";
				path = "Profile";
				sourceTree = "<group>";
			};
			20D58EC0244B4D04AFC88EEA /* Trainer */ = {
				isa = PBXGroup;
				children = (
					FAF45311BE574AA99D99C75B /* TrainerHorsesView.swift */,
					67FC717B49DE4662B1D12735 /* TrainerHubView.swift */,
				);
				name = "Trainer";
				path = "Trainer";
				sourceTree = "<group>";
			};
			4305C8168854452F8ED6FC94 /* Models */ = {
				isa = PBXGroup;
				children = (
					458866AB8F114B1DB1B673F5 /* CalendarEvent.swift */,
					87436415B3B04C1B9C368ED3 /* Horse.swift */,
					8F0D18BD393D4456BECA7177 /* HorseDocument.swift */,
					66EAE30EEAA94DB1A64EB8D6 /* MarketplaceListing.swift */,
					6F3146E91FD54715B9155250 /* Messaging.swift */,
					AC839BBFD6184B7EABE2E1D3 /* Post.swift */,
					A2DA31749128458E8987A04F /* User.swift */,
				);
				name = "Models";
				path = "Models";
				sourceTree = "<group>";
			};
			9024DBE6496149A98C4079BA /* Networking */ = {
				isa = PBXGroup;
				children = (
					A01DF27A7F844D2596E5FBC3 /* SupabaseClient.swift */,
				);
				name = "Networking";
				path = "Networking";
				sourceTree = "<group>";
			};
			AF03D9BA55814F6390139944 /* Resources */ = {
				isa = PBXGroup;
				children = (
					75B0C9DD14C94A8796F8108F /* ncha_horses.csv */,
				);
				name = "Resources";
				path = "Resources";
				sourceTree = "<group>";
			};
		/* End PBXGroup section */

		/* Begin PBXNativeTarget section */
			22C93E056BBF4BAD86C08AD7 /* EquestrianConnect */ = {
				isa = PBXNativeTarget;
				buildConfigurationList = 4671EDCD27F64F31ABC25626 /* Build configuration list for PBXNativeTarget EquestrianConnect */;
				buildPhases = (
					54E6242FD64C4309A7073725 /* Sources */,
					3DCF8D2227B043D8A6F5F7E9 /* Frameworks */,
					4705E41119A9459094A5F8A6 /* Resources */,
				);
				buildRules = (
				);
				dependencies = (
				);
				name = EquestrianConnect;
				productName = EquestrianConnect;
				productReference = 29AF432CA66040299CD34462 /* EquestrianConnect.app */;
				productType = "com.apple.product-type.application";
			};
		/* End PBXNativeTarget section */

		/* Begin PBXProject section */
			3B38DCC2AA7149FB82B06A3F /* Project object */ = {
				isa = PBXProject;
				attributes = {
					BuildIndependentTargetsInParallel = 1;
					LastSwiftUpdateCheck = 1500;
					LastUpgradeCheck = 1500;
					TargetAttributes = {
						22C93E056BBF4BAD86C08AD7 = {
							CreatedOnToolsVersion = 15.0;
						};
					};
				};
				buildConfigurationList = 76DCD8BE245F463CBA47F4C2 /* Build configuration list for PBXProject EquestrianConnect */;
				compatibilityVersion = "Xcode 14.0";
				developmentRegion = en;
				hasScannedForEncodings = 0;
				knownRegions = (
					en,
					Base,
				);
				mainGroup = B61C22BA1CE6419197DDEE44;
				productRefGroup = 810571B97F454B27825438CF /* Products */;
				projectDirPath = "";
				projectRoot = "";
				targets = (
					22C93E056BBF4BAD86C08AD7 /* EquestrianConnect */,
				);
			};
		/* End PBXProject section */

		/* Begin PBXResourcesBuildPhase section */
			4705E41119A9459094A5F8A6 /* Resources */ = {
				isa = PBXResourcesBuildPhase;
				buildActionMask = 2147483647;
				files = (
					22040050A6DB4A8FAD252647 /* Assets.xcassets in Resources */,
					048EC7AC1CC2457FBED187AD /* ncha_horses.csv in Resources */,
				);
				runOnlyForDeploymentPostprocessing = 0;
			};
		/* End PBXResourcesBuildPhase section */

		/* Begin PBXSourcesBuildPhase section */
			54E6242FD64C4309A7073725 /* Sources */ = {
				isa = PBXSourcesBuildPhase;
				buildActionMask = 2147483647;
				files = (
					0A4A63EC465249FDB9D62F8B /* AuthManager.swift in Sources */,
					93F98C722F08467ABE3492BA /* LoginView.swift in Sources */,
					B405EBFB4AE24E449E0A4927 /* OTPVerificationView.swift in Sources */,
					4FB707B315784B338BC820CD /* RoleSelectView.swift in Sources */,
					07FE1AA477A7410A987BFCAC /* ContentView.swift in Sources */,
					CC6E1743A90E4F4EB908C394 /* EQButton.swift in Sources */,
					92FC34212E9A4020B497D0A9 /* EQCard.swift in Sources */,
					542DE425BB724186A9F0A2D9 /* EQTextField.swift in Sources */,
					456B8A4D23C04051A36DDD9E /* EmptyStateView.swift in Sources */,
					9ED196A6B6CB4031B645CEC6 /* DemoMode.swift in Sources */,
					6BB4A7791A714882A74E33D2 /* Extensions.swift in Sources */,
					7CFEE635CD76479F9A330839 /* KeychainHelper.swift in Sources */,
					549F0A96C0EF4DA88B2BB6BB /* Theme.swift in Sources */,
					30151B1DFE6E480FA3551BBA /* EquestrianApp.swift in Sources */,
					803F0DE6A4CC444AAD72233F /* AdminUsersView.swift in Sources */,
					583E9A7F04E24BEFBDD8603A /* CalendarView.swift in Sources */,
					CEEAA2EA0A37454DB9CAF13A /* CalendarViewModel.swift in Sources */,
					2317B436B1724371A4DAC1A7 /* EventFormView.swift in Sources */,
					11091ED1172343E29C45C71B /* DashboardView.swift in Sources */,
					802757E34E7F4BD880D95F55 /* DashboardViewModel.swift in Sources */,
					59598F0F46A840A19BE73C38 /* CommunityView.swift in Sources */,
					D47CAD449FF64B4B94E13C28 /* FeedView.swift in Sources */,
					339C5AA98796446294D77FEE /* FeedViewModel.swift in Sources */,
					9B3D91DBB1AF4F59AEBC370C /* HorseFormView.swift in Sources */,
					0DCC78D38B8F495D8CD8E5E3 /* HorseProfileView.swift in Sources */,
					D6B0450A29F94AF8A58705C7 /* HorseRegistry.swift in Sources */,
					E59264BD99E84B07BC1FD4AD /* HorsesView.swift in Sources */,
					B2367010B1214EC9A6CEC0D5 /* HorsesViewModel.swift in Sources */,
					04C133410CAD43669551B3C2 /* ListingDetailView.swift in Sources */,
					25C510751DB0497CB86C129F /* MarketplaceView.swift in Sources */,
					99BA7E3EC8354A6A9D3B6199 /* MarketplaceViewModel.swift in Sources */,
					83DEF6FB2DC64802A6EF0411 /* ChatView.swift in Sources */,
					351678FF071346F9ACCA160D /* ConversationsView.swift in Sources */,
					5664BBCC1BB54BC188E308D8 /* MessagesViewModel.swift in Sources */,
					73AC2BF082DB45798BD8C97B /* ProfileView.swift in Sources */,
					AB9805E3C9664E23910DC6FB /* TrainerHorsesView.swift in Sources */,
					D4BCF8DC2BDA41039FD227C7 /* TrainerHubView.swift in Sources */,
					22B2F14E6C6844D3A837CC8D /* MainTabView.swift in Sources */,
					001C3527DFC4419F973C5857 /* CalendarEvent.swift in Sources */,
					AF7157F14C9F49F19865ABEB /* Horse.swift in Sources */,
					4D7BEAE302B24C6E8E7E3DA0 /* HorseDocument.swift in Sources */,
					B3F604DC456F447F9A319BBA /* MarketplaceListing.swift in Sources */,
					069A3A563B4B45368CBDC924 /* Messaging.swift in Sources */,
					DA4F0485B61443FAB6E46788 /* Post.swift in Sources */,
					66E99B9B656248BE826C8070 /* User.swift in Sources */,
					7E1656E81EF642C7995618BE /* SupabaseClient.swift in Sources */,
					EC9ADBD631124996ACC01A41 /* SimulatorTestHarness.swift in Sources */,
				);
				runOnlyForDeploymentPostprocessing = 0;
			};
		/* End PBXSourcesBuildPhase section */

		/* Begin XCBuildConfiguration section */
			701E59EAA6154B0C80AFDCFE /* Debug */ = {
				isa = XCBuildConfiguration;
				baseConfigurationReference = 76A11DCD4CC0459BADA32B66 /* Supabase.xcconfig */;
				buildSettings = {
					ALWAYS_SEARCH_USER_PATHS = NO;
					ASSETCATALOG_COMPILER_APPICON_NAME = AppIcon;
					ASSETCATALOG_COMPILER_GLOBAL_ACCENT_COLOR_NAME = AccentColor;
					CODE_SIGN_STYLE = Automatic;
					CURRENT_PROJECT_VERSION = 4;
					DEBUG_INFORMATION_FORMAT = dwarf;
					DEVELOPMENT_TEAM = GYRQ523BUJ;
					ENABLE_TESTABILITY = YES;
					GENERATE_INFOPLIST_FILE = NO;
					INFOPLIST_FILE = EquestrianConnect/Info.plist;
					IPHONEOS_DEPLOYMENT_TARGET = 17.0;
					MARKETING_VERSION = 1.0.0;
					MTL_ENABLE_DEBUG_INFO = INCLUDE_SOURCE;
					ONLY_ACTIVE_ARCH = YES;
					PRODUCT_BUNDLE_IDENTIFIER = com.equestrianconnect.ai;
					PRODUCT_NAME = "$(TARGET_NAME)";
					SDKROOT = iphoneos;
					SWIFT_ACTIVE_COMPILATION_CONDITIONS = DEBUG;
					SWIFT_EMIT_LOC_STRINGS = YES;
					SWIFT_OPTIMIZATION_LEVEL = "-Onone";
					SWIFT_VERSION = 5.0;
					TARGETED_DEVICE_FAMILY = "1";
				};
				name = Debug;
			};
			CA5B0288AA7A4C969C1B357F /* Release */ = {
				isa = XCBuildConfiguration;
				baseConfigurationReference = 76A11DCD4CC0459BADA32B66 /* Supabase.xcconfig */;
				buildSettings = {
					ALWAYS_SEARCH_USER_PATHS = NO;
					ASSETCATALOG_COMPILER_APPICON_NAME = AppIcon;
					ASSETCATALOG_COMPILER_GLOBAL_ACCENT_COLOR_NAME = AccentColor;
					CODE_SIGN_STYLE = Automatic;
					CURRENT_PROJECT_VERSION = 4;
					DEBUG_INFORMATION_FORMAT = "dwarf-with-dsym";
					DEVELOPMENT_TEAM = GYRQ523BUJ;
					ENABLE_NS_ASSERTIONS = NO;
					GENERATE_INFOPLIST_FILE = NO;
					INFOPLIST_FILE = EquestrianConnect/Info.plist;
					IPHONEOS_DEPLOYMENT_TARGET = 17.0;
					MARKETING_VERSION = 1.0.0;
					MTL_ENABLE_DEBUG_INFO = NO;
					PRODUCT_BUNDLE_IDENTIFIER = com.equestrianconnect.ai;
					PRODUCT_NAME = "$(TARGET_NAME)";
					SDKROOT = iphoneos;
					SWIFT_EMIT_LOC_STRINGS = YES;
					SWIFT_OPTIMIZATION_LEVEL = "-Owholemodule";
					SWIFT_VERSION = 5.0;
					TARGETED_DEVICE_FAMILY = "1";
					VALIDATE_PRODUCT = YES;
				};
				name = Release;
			};
			85327E37B14C473B99BC7B03 /* Debug */ = {
				isa = XCBuildConfiguration;
				buildSettings = {
					ALWAYS_SEARCH_USER_PATHS = NO;
					CLANG_ANALYZER_NONNULL = YES;
					CLANG_CXX_LANGUAGE_STANDARD = "gnu++20";
					CLANG_ENABLE_MODULES = YES;
					CLANG_ENABLE_OBJC_ARC = YES;
					COPY_PHASE_STRIP = NO;
					DEBUG_INFORMATION_FORMAT = dwarf;
					ENABLE_STRICT_OBJC_MSGSEND = YES;
					ENABLE_TESTABILITY = YES;
					GCC_C_LANGUAGE_STANDARD = gnu17;
					IPHONEOS_DEPLOYMENT_TARGET = 17.0;
					MTL_ENABLE_DEBUG_INFO = INCLUDE_SOURCE;
					ONLY_ACTIVE_ARCH = YES;
					SDKROOT = iphoneos;
					SWIFT_ACTIVE_COMPILATION_CONDITIONS = DEBUG;
					SWIFT_OPTIMIZATION_LEVEL = "-Onone";
					SWIFT_VERSION = 5.0;
				};
				name = Debug;
			};
			24B01030BEAC42A6BB221C81 /* Release */ = {
				isa = XCBuildConfiguration;
				buildSettings = {
					ALWAYS_SEARCH_USER_PATHS = NO;
					CLANG_ANALYZER_NONNULL = YES;
					CLANG_CXX_LANGUAGE_STANDARD = "gnu++20";
					CLANG_ENABLE_MODULES = YES;
					CLANG_ENABLE_OBJC_ARC = YES;
					COPY_PHASE_STRIP = NO;
					DEBUG_INFORMATION_FORMAT = "dwarf-with-dsym";
					ENABLE_NS_ASSERTIONS = NO;
					ENABLE_STRICT_OBJC_MSGSEND = YES;
					GCC_C_LANGUAGE_STANDARD = gnu17;
					IPHONEOS_DEPLOYMENT_TARGET = 17.0;
					MTL_ENABLE_DEBUG_INFO = NO;
					SDKROOT = iphoneos;
					SWIFT_OPTIMIZATION_LEVEL = "-Owholemodule";
					SWIFT_VERSION = 5.0;
					VALIDATE_PRODUCT = YES;
				};
				name = Release;
			};
		/* End XCBuildConfiguration section */

		/* Begin XCConfigurationList section */
			4671EDCD27F64F31ABC25626 /* Build configuration list for PBXNativeTarget EquestrianConnect */ = {
				isa = XCConfigurationList;
				buildConfigurations = (
					701E59EAA6154B0C80AFDCFE /* Debug */,
					CA5B0288AA7A4C969C1B357F /* Release */,
				);
				defaultConfigurationIsVisible = 0;
				defaultConfigurationName = Release;
			};
			76DCD8BE245F463CBA47F4C2 /* Build configuration list for PBXProject EquestrianConnect */ = {
				isa = XCConfigurationList;
				buildConfigurations = (
					85327E37B14C473B99BC7B03 /* Debug */,
					24B01030BEAC42A6BB221C81 /* Release */,
				);
				defaultConfigurationIsVisible = 0;
				defaultConfigurationName = Release;
			};
		/* End XCConfigurationList section */
	};
	rootObject = 3B38DCC2AA7149FB82B06A3F /* Project object */;
}